PODS:
  - Auth0 (1.2.0)
  - Lock (2.0.0):
    - Auth0 (~> 1.2)
    - Lock/Classic (= 2.0.0)
  - Lock/Classic (2.0.0):
    - Auth0 (~> 1.2)

DEPENDENCIES:
  - Auth0 (~> 1.2)
  - Lock (~> 2.0)

SPEC CHECKSUMS:
  Auth0: c5719a587c4f5fd78d8c16a26a6f0976f1718add
  Lock: b98cef67f5e6d1fc5222a59c6d97e9d73a8a9365

PODFILE CHECKSUM: 7a88362514da79f064756ee05066ce98c164d11e

COCOAPODS: 1.2.0
