// !$*UTF8*$!
{
	archiveVersion = 1;
	classes = {
	};
	objectVersion = 46;
	objects = {

/* Begin PBXBuildFile section */
		08183A62F0EA5276BC968F30 /* Pods_Leap.framework in Frameworks */ = {isa = PBXBuildFile; fileRef = 60E8617E6FAACB8E29AA34F7 /* Pods_Leap.framework */; };
		42D2911C1C35BD18F961382F /* Pods_LeapTests.framework in Frameworks */ = {isa = PBXBuildFile; fileRef = 726DA31B7DBD3655C83BFA3D /* Pods_LeapTests.framework */; };
		831444BF1E7AF4E200A5EF06 /* AuthFlow.storyboard in Resources */ = {isa = PBXBuildFile; fileRef = 831444BE1E7AF4E200A5EF06 /* AuthFlow.storyboard */; };
		831444C11E7AF77700A5EF06 /* DaySchedule.storyboard in Resources */ = {isa = PBXBuildFile; fileRef = 831444C01E7AF77700A5EF06 /* DaySchedule.storyboard */; };
		831444C61E7B020700A5EF06 /* DayScheduleViewController.swift in Sources */ = {isa = PBXBuildFile; fileRef = 831444C51E7B020700A5EF06 /* DayScheduleViewController.swift */; };
		831444C81E7B034A00A5EF06 /* EventViewCell.xib in Resources */ = {isa = PBXBuildFile; fileRef = 831444C71E7B034A00A5EF06 /* EventViewCell.xib */; };
		831444CA1E7B072600A5EF06 /* EventViewCell.swift in Sources */ = {isa = PBXBuildFile; fileRef = 831444C91E7B072600A5EF06 /* EventViewCell.swift */; };
		831444CC1E7B099C00A5EF06 /* CalendarViewFlowLayout.swift in Sources */ = {isa = PBXBuildFile; fileRef = 831444CB1E7B099C00A5EF06 /* CalendarViewFlowLayout.swift */; };
		831444D21E7B472500A5EF06 /* ViewModelUpdateable.swift in Sources */ = {isa = PBXBuildFile; fileRef = 831444D11E7B472500A5EF06 /* ViewModelUpdateable.swift */; };
		833617601E8C1D3A009A97FF /* DayScheduleTitleView.swift in Sources */ = {isa = PBXBuildFile; fileRef = 8336175F1E8C1D3A009A97FF /* DayScheduleTitleView.swift */; };
		833617631E8C21E8009A97FF /* FontAwesome.otf in Resources */ = {isa = PBXBuildFile; fileRef = 833617621E8C21E8009A97FF /* FontAwesome.otf */; };
		833617641E8C21E8009A97FF /* FontAwesome.otf in Resources */ = {isa = PBXBuildFile; fileRef = 833617621E8C21E8009A97FF /* FontAwesome.otf */; };
		833617651E8C21E8009A97FF /* FontAwesome.otf in Resources */ = {isa = PBXBuildFile; fileRef = 833617621E8C21E8009A97FF /* FontAwesome.otf */; };
		833617671E8C2538009A97FF /* NavigationToggleArrowView.xib in Resources */ = {isa = PBXBuildFile; fileRef = 833617661E8C2538009A97FF /* NavigationToggleArrowView.xib */; };
		8336176B1E8C277D009A97FF /* NavigationToggleArrowView.swift in Sources */ = {isa = PBXBuildFile; fileRef = 8336176A1E8C277D009A97FF /* NavigationToggleArrowView.swift */; };
		833617701E8C2C75009A97FF /* WeekNavigation.storyboard in Resources */ = {isa = PBXBuildFile; fileRef = 8336176F1E8C2C75009A97FF /* WeekNavigation.storyboard */; };
		833617741E8C2C9B009A97FF /* WeekNavigationViewController.swift in Sources */ = {isa = PBXBuildFile; fileRef = 833617731E8C2C9B009A97FF /* WeekNavigationViewController.swift */; };
		833617781E8C4756009A97FF /* StoryboardLoadable.swift in Sources */ = {isa = PBXBuildFile; fileRef = 833617771E8C4756009A97FF /* StoryboardLoadable.swift */; };
		8351BDC91E7C58FD001221AF /* OpenTimeViewModel.swift in Sources */ = {isa = PBXBuildFile; fileRef = 8351BDC81E7C58FD001221AF /* OpenTimeViewModel.swift */; };
		8351BDCD1E7C596C001221AF /* GregorianDay.swift in Sources */ = {isa = PBXBuildFile; fileRef = 8351BDCC1E7C596C001221AF /* GregorianDay.swift */; };
		8351BDD11E807C4C001221AF /* WeekOverviewSurface.swift in Sources */ = {isa = PBXBuildFile; fileRef = 8351BDD01E807C4C001221AF /* WeekOverviewSurface.swift */; };
		835456151E8AF9EA00A03B34 /* InitialViewController.swift in Sources */ = {isa = PBXBuildFile; fileRef = 835456141E8AF9EA00A03B34 /* InitialViewController.swift */; };
		835456181E8AFD7200A03B34 /* UIColor+ProjectExtensions.swift in Sources */ = {isa = PBXBuildFile; fileRef = 835456171E8AFD7200A03B34 /* UIColor+ProjectExtensions.swift */; };
		8354561A1E8C09A100A03B34 /* DayScheduleTitleView.xib in Resources */ = {isa = PBXBuildFile; fileRef = 835456191E8C09A100A03B34 /* DayScheduleTitleView.xib */; };
		8372067B1E9EAEBF0010B914 /* UIFont+Extensions.swift in Sources */ = {isa = PBXBuildFile; fileRef = 8372067A1E9EAEBF0010B914 /* UIFont+Extensions.swift */; };
		8372067D1E9F3EDE0010B914 /* RealmExtensions.swift in Sources */ = {isa = PBXBuildFile; fileRef = 8372067C1E9F3EDE0010B914 /* RealmExtensions.swift */; };
		8393621D1E8FF51E00543CFC /* WeekOverview.storyboard in Resources */ = {isa = PBXBuildFile; fileRef = 8393621C1E8FF51E00543CFC /* WeekOverview.storyboard */; };
		8393621F1E8FF53B00543CFC /* WeekOverviewViewController.swift in Sources */ = {isa = PBXBuildFile; fileRef = 8393621E1E8FF53B00543CFC /* WeekOverviewViewController.swift */; };
		839362211E8FF5F200543CFC /* WeekOverviewPageViewDataSource.swift in Sources */ = {isa = PBXBuildFile; fileRef = 839362201E8FF5F200543CFC /* WeekOverviewPageViewDataSource.swift */; };
		839A8AF41EA121DE00893F6F /* MainTabBarController.swift in Sources */ = {isa = PBXBuildFile; fileRef = 839A8AF31EA121DE00893F6F /* MainTabBarController.swift */; };
		839A8AF61EA1300A00893F6F /* DayNavigationWrapperViewController.swift in Sources */ = {isa = PBXBuildFile; fileRef = 839A8AF51EA1300A00893F6F /* DayNavigationWrapperViewController.swift */; };
		83A72D741E82DAE0005EB213 /* TimePerspective.swift in Sources */ = {isa = PBXBuildFile; fileRef = 83A72D731E82DAE0005EB213 /* TimePerspective.swift */; };
		83A72D771E82DF95005EB213 /* DayScheduleSurface.swift in Sources */ = {isa = PBXBuildFile; fileRef = 83A72D761E82DF95005EB213 /* DayScheduleSurface.swift */; };
		83B5DB701E91D7F400A0CA7E /* (null) in Sources */ = {isa = PBXBuildFile; };
		83B5DB721E91D7F400A0CA7E /* (null) in Sources */ = {isa = PBXBuildFile; };
		83B5DB781E91D7F500A0CA7E /* (null) in Sources */ = {isa = PBXBuildFile; };
		83B5DB7A1E91D7F500A0CA7E /* (null) in Sources */ = {isa = PBXBuildFile; };
		83B5DBEE1E91E4CC00A0CA7E /* GregorianDayTests.swift in Sources */ = {isa = PBXBuildFile; fileRef = 83B5DBED1E91E4CC00A0CA7E /* GregorianDayTests.swift */; };
		83B6C6B31E92B850002DCDA2 /* UIPageViewController.swift in Sources */ = {isa = PBXBuildFile; fileRef = 83B6C6B21E92B850002DCDA2 /* UIPageViewController.swift */; };
		83B6C6B51E92BC6E002DCDA2 /* DayNavigationViewController.swift in Sources */ = {isa = PBXBuildFile; fileRef = 83B6C6B41E92BC6E002DCDA2 /* DayNavigationViewController.swift */; };
		83B6C6B71E92BC7A002DCDA2 /* DayNavigation.storyboard in Resources */ = {isa = PBXBuildFile; fileRef = 83B6C6B61E92BC7A002DCDA2 /* DayNavigation.storyboard */; };
		83D5B85D1E94415A00D5F1C6 /* WeekOverviewDayListingView.swift in Sources */ = {isa = PBXBuildFile; fileRef = 83D5B85C1E94415A00D5F1C6 /* WeekOverviewDayListingView.swift */; };
		83D5B85F1E9441A600D5F1C6 /* WeekOverviewDayListingView.xib in Resources */ = {isa = PBXBuildFile; fileRef = 83D5B85E1E9441A600D5F1C6 /* WeekOverviewDayListingView.xib */; };
		83D5B8611E9444C400D5F1C6 /* NibLoadableView.swift in Sources */ = {isa = PBXBuildFile; fileRef = 83D5B8601E9444C400D5F1C6 /* NibLoadableView.swift */; };
		83F4B1611E7C383F000FCB8D /* ScheduleEntry.swift in Sources */ = {isa = PBXBuildFile; fileRef = 83F4B1601E7C383F000FCB8D /* ScheduleEntry.swift */; };
		DB41B30C348D9390E4320905 /* Pods_LeapUITests.framework in Frameworks */ = {isa = PBXBuildFile; fileRef = 386ABDADBBC48EDACA0896BE /* Pods_LeapUITests.framework */; };
		FB0762DB1E142FBF0035EF8F /* ScheduleViewController.swift in Sources */ = {isa = PBXBuildFile; fileRef = FB0762DA1E142FBF0035EF8F /* ScheduleViewController.swift */; };
		FB166B571E8ABE1C00CB95EC /* RealmUtil.swift in Sources */ = {isa = PBXBuildFile; fileRef = FB166B561E8ABE1C00CB95EC /* RealmUtil.swift */; };
		FB166B5C1E8AC3CA00CB95EC /* Fetchable.swift in Sources */ = {isa = PBXBuildFile; fileRef = FB166B5B1E8AC3CA00CB95EC /* Fetchable.swift */; };
		FB166B5E1E8AC6DB00CB95EC /* ModelReference.swift in Sources */ = {isa = PBXBuildFile; fileRef = FB166B5D1E8AC6DB00CB95EC /* ModelReference.swift */; };
		FB1869D41E9FF88A007642F4 /* RecurrenceTests.swift in Sources */ = {isa = PBXBuildFile; fileRef = FB1869D31E9FF88A007642F4 /* RecurrenceTests.swift */; };
		FB1869D61EA01CBC007642F4 /* List+Leap.swift in Sources */ = {isa = PBXBuildFile; fileRef = FB1869D51EA01CBC007642F4 /* List+Leap.swift */; };
		FB2046A31E82DA2200F130C8 /* Event.swift in Sources */ = {isa = PBXBuildFile; fileRef = FB2046A21E82DA2200F130C8 /* Event.swift */; };
		FB2046A61E82E20100F130C8 /* EKEventStore+Realm.swift in Sources */ = {isa = PBXBuildFile; fileRef = FB2046A51E82E20100F130C8 /* EKEventStore+Realm.swift */; };
		FB2046A81E82E28800F130C8 /* EKCalendar+Realm.swift in Sources */ = {isa = PBXBuildFile; fileRef = FB2046A71E82E28800F130C8 /* EKCalendar+Realm.swift */; };
		FB2046AA1E82E74700F130C8 /* EKParticipant+Realm.swift in Sources */ = {isa = PBXBuildFile; fileRef = FB2046A91E82E74700F130C8 /* EKParticipant+Realm.swift */; };
		FB2046AC1E82E76000F130C8 /* EKAlarm+Realm.swift in Sources */ = {isa = PBXBuildFile; fileRef = FB2046AB1E82E76000F130C8 /* EKAlarm+Realm.swift */; };
		FB2046AE1E82E77C00F130C8 /* EKEvent+Realm.swift in Sources */ = {isa = PBXBuildFile; fileRef = FB2046AD1E82E77C00F130C8 /* EKEvent+Realm.swift */; };
		FB2046B01E82E7B000F130C8 /* LegacyCalendar.swift in Sources */ = {isa = PBXBuildFile; fileRef = FB2046AF1E82E7B000F130C8 /* LegacyCalendar.swift */; };
		FB2046B21E82E7BF00F130C8 /* Reminder.swift in Sources */ = {isa = PBXBuildFile; fileRef = FB2046B11E82E7BF00F130C8 /* Reminder.swift */; };
		FB2046B41E82E7DD00F130C8 /* LeapModel.swift in Sources */ = {isa = PBXBuildFile; fileRef = FB2046B31E82E7DD00F130C8 /* LeapModel.swift */; };
		FB2046B61E82E9B100F130C8 /* DeviceAccount.swift in Sources */ = {isa = PBXBuildFile; fileRef = FB2046B51E82E9B100F130C8 /* DeviceAccount.swift */; };
		FB2046B81E830E4600F130C8 /* Temporality.swift in Sources */ = {isa = PBXBuildFile; fileRef = FB2046B71E830E4600F130C8 /* Temporality.swift */; };
		FB268B6C1EA5332D006510A7 /* WrapperTest.swift in Sources */ = {isa = PBXBuildFile; fileRef = FB268B6B1EA5332D006510A7 /* WrapperTest.swift */; };
		FB3895781EA7C0DE000FC103 /* Thread+Leap.swift in Sources */ = {isa = PBXBuildFile; fileRef = FB3895771EA7C0DE000FC103 /* Thread+Leap.swift */; };
		FB39ADA91E8C65AF00B79A7B /* Object+Leap.swift in Sources */ = {isa = PBXBuildFile; fileRef = FB39ADA81E8C65AF00B79A7B /* Object+Leap.swift */; };
		FB39ADAB1E8C69BB00B79A7B /* SurfaceModelBridge.swift in Sources */ = {isa = PBXBuildFile; fileRef = FB39ADAA1E8C69BB00B79A7B /* SurfaceModelBridge.swift */; };
		FB39ADAD1E8EC5A800B79A7B /* BridgeTest.swift in Sources */ = {isa = PBXBuildFile; fileRef = FB39ADAC1E8EC5A800B79A7B /* BridgeTest.swift */; };
		FB39ADAF1E8EC6B700B79A7B /* TestUtil.swift in Sources */ = {isa = PBXBuildFile; fileRef = FB39ADAE1E8EC6B700B79A7B /* TestUtil.swift */; };
		FB39ADB11E92B9F400B79A7B /* Ignorance.swift in Sources */ = {isa = PBXBuildFile; fileRef = FB39ADB01E92B9F400B79A7B /* Ignorance.swift */; };
		FB39ADB31E92D40800B79A7B /* Date+Leap.swift in Sources */ = {isa = PBXBuildFile; fileRef = FB39ADB21E92D40800B79A7B /* Date+Leap.swift */; };
		FB39ADB51E93EF2D00B79A7B /* Calendar+Leap.swift in Sources */ = {isa = PBXBuildFile; fileRef = FB39ADB41E93EF2D00B79A7B /* Calendar+Leap.swift */; };
		FB39ADB71E93F1EA00B79A7B /* CalendarTests.swift in Sources */ = {isa = PBXBuildFile; fileRef = FB39ADB61E93F1EA00B79A7B /* CalendarTests.swift */; };
		FB39ADB91E94067200B79A7B /* EventSurfaceTests.swift in Sources */ = {isa = PBXBuildFile; fileRef = FB39ADB81E94067200B79A7B /* EventSurfaceTests.swift */; };
		FB39ADBB1E9407FF00B79A7B /* Int+Leap.swift in Sources */ = {isa = PBXBuildFile; fileRef = FB39ADBA1E9407FF00B79A7B /* Int+Leap.swift */; };
		FB39ADBD1E94154A00B79A7B /* DaySurface.swift in Sources */ = {isa = PBXBuildFile; fileRef = FB39ADBC1E94154A00B79A7B /* DaySurface.swift */; };
		FB4208471E857984007F4DBD /* Recurrence.swift in Sources */ = {isa = PBXBuildFile; fileRef = FB4208461E857984007F4DBD /* Recurrence.swift */; };
		FB4208491E8579D0007F4DBD /* Auditable.swift in Sources */ = {isa = PBXBuildFile; fileRef = FB4208481E8579D0007F4DBD /* Auditable.swift */; };
		FB42084B1E857DAF007F4DBD /* Participant.swift in Sources */ = {isa = PBXBuildFile; fileRef = FB42084A1E857DAF007F4DBD /* Participant.swift */; };
		FB42084D1E857F7C007F4DBD /* Person.swift in Sources */ = {isa = PBXBuildFile; fileRef = FB42084C1E857F7C007F4DBD /* Person.swift */; };
		FB42084F1E8592E8007F4DBD /* Address.swift in Sources */ = {isa = PBXBuildFile; fileRef = FB42084E1E8592E8007F4DBD /* Address.swift */; };
		FB4208511E8593DA007F4DBD /* Venue.swift in Sources */ = {isa = PBXBuildFile; fileRef = FB4208501E8593DA007F4DBD /* Venue.swift */; };
		FB4208531E85948A007F4DBD /* Channel.swift in Sources */ = {isa = PBXBuildFile; fileRef = FB4208521E85948A007F4DBD /* Channel.swift */; };
		FB4208551E859606007F4DBD /* Alarm.swift in Sources */ = {isa = PBXBuildFile; fileRef = FB4208541E859606007F4DBD /* Alarm.swift */; };
		FB4208571E85A168007F4DBD /* GeoFence.swift in Sources */ = {isa = PBXBuildFile; fileRef = FB4208561E85A168007F4DBD /* GeoFence.swift */; };
		FB4208591E85A2DD007F4DBD /* Realm+Leap.swift in Sources */ = {isa = PBXBuildFile; fileRef = FB4208581E85A2DD007F4DBD /* Realm+Leap.swift */; };
		FB42085B1E85A650007F4DBD /* TimeZone.swift in Sources */ = {isa = PBXBuildFile; fileRef = FB42085A1E85A650007F4DBD /* TimeZone.swift */; };
		FB42085D1E896847007F4DBD /* Resource.swift in Sources */ = {isa = PBXBuildFile; fileRef = FB42085C1E896847007F4DBD /* Resource.swift */; };
		FB42085F1E896C40007F4DBD /* Reservation.swift in Sources */ = {isa = PBXBuildFile; fileRef = FB42085E1E896C40007F4DBD /* Reservation.swift */; };
		FB4208661E8976B1007F4DBD /* Series.swift in Sources */ = {isa = PBXBuildFile; fileRef = FB4208651E8976B1007F4DBD /* Series.swift */; };
		FB4208681E897997007F4DBD /* Template.swift in Sources */ = {isa = PBXBuildFile; fileRef = FB4208671E897997007F4DBD /* Template.swift */; };
		FB42086A1E897A04007F4DBD /* Checklist.swift in Sources */ = {isa = PBXBuildFile; fileRef = FB4208691E897A04007F4DBD /* Checklist.swift */; };
		FB42086C1E897AD1007F4DBD /* ChecklistItem.swift in Sources */ = {isa = PBXBuildFile; fileRef = FB42086B1E897AD1007F4DBD /* ChecklistItem.swift */; };
		FB42086E1E89816B007F4DBD /* EKRecurrenceRule+Realm.swift in Sources */ = {isa = PBXBuildFile; fileRef = FB42086D1E89816B007F4DBD /* EKRecurrenceRule+Realm.swift */; };
		FB4208701E89855D007F4DBD /* Group.swift in Sources */ = {isa = PBXBuildFile; fileRef = FB42086F1E89855D007F4DBD /* Group.swift */; };
		FB4208721E8985DC007F4DBD /* Organization.swift in Sources */ = {isa = PBXBuildFile; fileRef = FB4208711E8985DC007F4DBD /* Organization.swift */; };
		FB4503D31EA579F8001D9F51 /* SwiftyLRU.swift in Sources */ = {isa = PBXBuildFile; fileRef = FB4503D21EA579F8001D9F51 /* SwiftyLRU.swift */; };
		FB4E11A51E79ABB400687702 /* LaunchScreen.storyboard in Resources */ = {isa = PBXBuildFile; fileRef = FB4E11A41E79ABB400687702 /* LaunchScreen.storyboard */; };
		FB4E11A71E79B1F500687702 /* Main.storyboard in Resources */ = {isa = PBXBuildFile; fileRef = FB4E11A61E79B1F500687702 /* Main.storyboard */; };
		FB8BB6231E89A76A00A30315 /* EventKitMigrationTests.swift in Sources */ = {isa = PBXBuildFile; fileRef = FB8BB6221E89A76A00A30315 /* EventKitMigrationTests.swift */; };
		FB934F201E7E01DF0068CDEF /* Surface.swift in Sources */ = {isa = PBXBuildFile; fileRef = FB934F1F1E7E01DF0068CDEF /* Surface.swift */; };
		FB934F241E7EDF670068CDEF /* Persistence.swift in Sources */ = {isa = PBXBuildFile; fileRef = FB934F231E7EDF670068CDEF /* Persistence.swift */; };
		FB934F261E7EDFA80068CDEF /* Lifecycle.swift in Sources */ = {isa = PBXBuildFile; fileRef = FB934F251E7EDFA80068CDEF /* Lifecycle.swift */; };
		FBB4BFD81E8ACED1001679BF /* Operation.swift in Sources */ = {isa = PBXBuildFile; fileRef = FBB4BFD71E8ACED1001679BF /* Operation.swift */; };
		FBBE56991EA1692800B9647C /* SeriesSurface.swift in Sources */ = {isa = PBXBuildFile; fileRef = FBBE56981EA1692800B9647C /* SeriesSurface.swift */; };
		FBCA4D1E1E84490A003E7AB7 /* Location.swift in Sources */ = {isa = PBXBuildFile; fileRef = FBCA4D1D1E84490A003E7AB7 /* Location.swift */; };
		FBCA4D201E844924003E7AB7 /* Room.swift in Sources */ = {isa = PBXBuildFile; fileRef = FBCA4D1F1E844924003E7AB7 /* Room.swift */; };
		FBD1045D1E80309300DDF65B /* Property.swift in Sources */ = {isa = PBXBuildFile; fileRef = FBD1045C1E80309300DDF65B /* Property.swift */; };
		FBD1045F1E80717E00DDF65B /* SurfaceTests.swift in Sources */ = {isa = PBXBuildFile; fileRef = FBD1045E1E80717E00DDF65B /* SurfaceTests.swift */; };
		FBD614541E7F3370001F4050 /* EventSurface.swift in Sources */ = {isa = PBXBuildFile; fileRef = FBD614531E7F3370001F4050 /* EventSurface.swift */; };
		FBD614561E7F38D4001F4050 /* Schema.swift in Sources */ = {isa = PBXBuildFile; fileRef = FBD614551E7F38D4001F4050 /* Schema.swift */; };
		FBD614581E7F57B0001F4050 /* Validation.swift in Sources */ = {isa = PBXBuildFile; fileRef = FBD614571E7F57B0001F4050 /* Validation.swift */; };
		FBE0EFE41DFBBB80007BD8DF /* AppDelegate.swift in Sources */ = {isa = PBXBuildFile; fileRef = FBE0EFE31DFBBB80007BD8DF /* AppDelegate.swift */; };
		FBE0EFE61DFBBB80007BD8DF /* AuthViewController.swift in Sources */ = {isa = PBXBuildFile; fileRef = FBE0EFE51DFBBB80007BD8DF /* AuthViewController.swift */; };
		FBE0EFEC1DFBBB80007BD8DF /* Leap.xcdatamodeld in Sources */ = {isa = PBXBuildFile; fileRef = FBE0EFEA1DFBBB80007BD8DF /* Leap.xcdatamodeld */; };
		FBE0EFEE1DFBBB80007BD8DF /* Assets.xcassets in Resources */ = {isa = PBXBuildFile; fileRef = FBE0EFED1DFBBB80007BD8DF /* Assets.xcassets */; };
		FBE0EFFC1DFBBB80007BD8DF /* LeapTests.swift in Sources */ = {isa = PBXBuildFile; fileRef = FBE0EFFB1DFBBB80007BD8DF /* LeapTests.swift */; };
		FBE4DEA31E6CB9F10062507B /* Auth0.plist in Resources */ = {isa = PBXBuildFile; fileRef = FBE4DEA21E6CB9F10062507B /* Auth0.plist */; };
		FBE4DEAA1E6CBD8A0062507B /* Res in Resources */ = {isa = PBXBuildFile; fileRef = FBE4DEA91E6CBD8A0062507B /* Res */; };
/* End PBXBuildFile section */

/* Begin PBXContainerItemProxy section */
		FBE0EFF81DFBBB80007BD8DF /* PBXContainerItemProxy */ = {
			isa = PBXContainerItemProxy;
			containerPortal = FBE0EFD81DFBBB80007BD8DF /* Project object */;
			proxyType = 1;
			remoteGlobalIDString = FBE0EFDF1DFBBB80007BD8DF;
			remoteInfo = Leap;
		};
		FBE0F0031DFBBB80007BD8DF /* PBXContainerItemProxy */ = {
			isa = PBXContainerItemProxy;
			containerPortal = FBE0EFD81DFBBB80007BD8DF /* Project object */;
			proxyType = 1;
			remoteGlobalIDString = FBE0EFDF1DFBBB80007BD8DF;
			remoteInfo = Leap;
		};
/* End PBXContainerItemProxy section */

/* Begin PBXFileReference section */
		133F156348C32E90817CAF77 /* Pods-LeapUITests.release.xcconfig */ = {isa = PBXFileReference; includeInIndex = 1; lastKnownFileType = text.xcconfig; name = "Pods-LeapUITests.release.xcconfig"; path = "Pods/Target Support Files/Pods-LeapUITests/Pods-LeapUITests.release.xcconfig"; sourceTree = "<group>"; };
		254C125F10676E959A998B76 /* Pods-LeapTests.debug.xcconfig */ = {isa = PBXFileReference; includeInIndex = 1; lastKnownFileType = text.xcconfig; name = "Pods-LeapTests.debug.xcconfig"; path = "Pods/Target Support Files/Pods-LeapTests/Pods-LeapTests.debug.xcconfig"; sourceTree = "<group>"; };
		274B7F58648B6E4512CDCCA3 /* Pods-LeapUITests.internal.xcconfig */ = {isa = PBXFileReference; includeInIndex = 1; lastKnownFileType = text.xcconfig; name = "Pods-LeapUITests.internal.xcconfig"; path = "Pods/Target Support Files/Pods-LeapUITests/Pods-LeapUITests.internal.xcconfig"; sourceTree = "<group>"; };
		2A6B5D6A4DA6E20A7F42B13F /* Pods-Leap.release.xcconfig */ = {isa = PBXFileReference; includeInIndex = 1; lastKnownFileType = text.xcconfig; name = "Pods-Leap.release.xcconfig"; path = "Pods/Target Support Files/Pods-Leap/Pods-Leap.release.xcconfig"; sourceTree = "<group>"; };
		386ABDADBBC48EDACA0896BE /* Pods_LeapUITests.framework */ = {isa = PBXFileReference; explicitFileType = wrapper.framework; includeInIndex = 0; path = Pods_LeapUITests.framework; sourceTree = BUILT_PRODUCTS_DIR; };
		3A18F5F3F7D9C4C8FBFD38A6 /* Pods-Leap.internal.xcconfig */ = {isa = PBXFileReference; includeInIndex = 1; lastKnownFileType = text.xcconfig; name = "Pods-Leap.internal.xcconfig"; path = "Pods/Target Support Files/Pods-Leap/Pods-Leap.internal.xcconfig"; sourceTree = "<group>"; };
		60E8617E6FAACB8E29AA34F7 /* Pods_Leap.framework */ = {isa = PBXFileReference; explicitFileType = wrapper.framework; includeInIndex = 0; path = Pods_Leap.framework; sourceTree = BUILT_PRODUCTS_DIR; };
		726DA31B7DBD3655C83BFA3D /* Pods_LeapTests.framework */ = {isa = PBXFileReference; explicitFileType = wrapper.framework; includeInIndex = 0; path = Pods_LeapTests.framework; sourceTree = BUILT_PRODUCTS_DIR; };
		831444BE1E7AF4E200A5EF06 /* AuthFlow.storyboard */ = {isa = PBXFileReference; fileEncoding = 4; lastKnownFileType = file.storyboard; path = AuthFlow.storyboard; sourceTree = "<group>"; };
		831444C01E7AF77700A5EF06 /* DaySchedule.storyboard */ = {isa = PBXFileReference; fileEncoding = 4; lastKnownFileType = file.storyboard; path = DaySchedule.storyboard; sourceTree = "<group>"; };
		831444C51E7B020700A5EF06 /* DayScheduleViewController.swift */ = {isa = PBXFileReference; fileEncoding = 4; lastKnownFileType = sourcecode.swift; path = DayScheduleViewController.swift; sourceTree = "<group>"; };
		831444C71E7B034A00A5EF06 /* EventViewCell.xib */ = {isa = PBXFileReference; fileEncoding = 4; lastKnownFileType = file.xib; path = EventViewCell.xib; sourceTree = "<group>"; };
		831444C91E7B072600A5EF06 /* EventViewCell.swift */ = {isa = PBXFileReference; fileEncoding = 4; lastKnownFileType = sourcecode.swift; path = EventViewCell.swift; sourceTree = "<group>"; };
		831444CB1E7B099C00A5EF06 /* CalendarViewFlowLayout.swift */ = {isa = PBXFileReference; fileEncoding = 4; lastKnownFileType = sourcecode.swift; path = CalendarViewFlowLayout.swift; sourceTree = "<group>"; };
		831444D11E7B472500A5EF06 /* ViewModelUpdateable.swift */ = {isa = PBXFileReference; fileEncoding = 4; lastKnownFileType = sourcecode.swift; path = ViewModelUpdateable.swift; sourceTree = "<group>"; };
		8336175F1E8C1D3A009A97FF /* DayScheduleTitleView.swift */ = {isa = PBXFileReference; fileEncoding = 4; lastKnownFileType = sourcecode.swift; path = DayScheduleTitleView.swift; sourceTree = "<group>"; };
		833617621E8C21E8009A97FF /* FontAwesome.otf */ = {isa = PBXFileReference; lastKnownFileType = file; path = FontAwesome.otf; sourceTree = "<group>"; };
		833617661E8C2538009A97FF /* NavigationToggleArrowView.xib */ = {isa = PBXFileReference; fileEncoding = 4; lastKnownFileType = file.xib; path = NavigationToggleArrowView.xib; sourceTree = "<group>"; };
		8336176A1E8C277D009A97FF /* NavigationToggleArrowView.swift */ = {isa = PBXFileReference; fileEncoding = 4; lastKnownFileType = sourcecode.swift; path = NavigationToggleArrowView.swift; sourceTree = "<group>"; };
		8336176F1E8C2C75009A97FF /* WeekNavigation.storyboard */ = {isa = PBXFileReference; fileEncoding = 4; lastKnownFileType = file.storyboard; path = WeekNavigation.storyboard; sourceTree = "<group>"; };
		833617731E8C2C9B009A97FF /* WeekNavigationViewController.swift */ = {isa = PBXFileReference; fileEncoding = 4; lastKnownFileType = sourcecode.swift; path = WeekNavigationViewController.swift; sourceTree = "<group>"; };
		833617771E8C4756009A97FF /* StoryboardLoadable.swift */ = {isa = PBXFileReference; fileEncoding = 4; lastKnownFileType = sourcecode.swift; path = StoryboardLoadable.swift; sourceTree = "<group>"; };
		8351BDC81E7C58FD001221AF /* OpenTimeViewModel.swift */ = {isa = PBXFileReference; fileEncoding = 4; lastKnownFileType = sourcecode.swift; path = OpenTimeViewModel.swift; sourceTree = "<group>"; };
		8351BDCC1E7C596C001221AF /* GregorianDay.swift */ = {isa = PBXFileReference; fileEncoding = 4; lastKnownFileType = sourcecode.swift; path = GregorianDay.swift; sourceTree = "<group>"; };
		8351BDD01E807C4C001221AF /* WeekOverviewSurface.swift */ = {isa = PBXFileReference; fileEncoding = 4; lastKnownFileType = sourcecode.swift; path = WeekOverviewSurface.swift; sourceTree = "<group>"; };
		835456141E8AF9EA00A03B34 /* InitialViewController.swift */ = {isa = PBXFileReference; fileEncoding = 4; lastKnownFileType = sourcecode.swift; path = InitialViewController.swift; sourceTree = "<group>"; };
		835456171E8AFD7200A03B34 /* UIColor+ProjectExtensions.swift */ = {isa = PBXFileReference; fileEncoding = 4; lastKnownFileType = sourcecode.swift; path = "UIColor+ProjectExtensions.swift"; sourceTree = "<group>"; };
		835456191E8C09A100A03B34 /* DayScheduleTitleView.xib */ = {isa = PBXFileReference; fileEncoding = 4; lastKnownFileType = file.xib; path = DayScheduleTitleView.xib; sourceTree = "<group>"; };
		8372067A1E9EAEBF0010B914 /* UIFont+Extensions.swift */ = {isa = PBXFileReference; fileEncoding = 4; lastKnownFileType = sourcecode.swift; path = "UIFont+Extensions.swift"; sourceTree = "<group>"; };
		8372067C1E9F3EDE0010B914 /* RealmExtensions.swift */ = {isa = PBXFileReference; fileEncoding = 4; lastKnownFileType = sourcecode.swift; path = RealmExtensions.swift; sourceTree = "<group>"; };
		8393621C1E8FF51E00543CFC /* WeekOverview.storyboard */ = {isa = PBXFileReference; fileEncoding = 4; lastKnownFileType = file.storyboard; path = WeekOverview.storyboard; sourceTree = "<group>"; };
		8393621E1E8FF53B00543CFC /* WeekOverviewViewController.swift */ = {isa = PBXFileReference; fileEncoding = 4; lastKnownFileType = sourcecode.swift; path = WeekOverviewViewController.swift; sourceTree = "<group>"; };
		839362201E8FF5F200543CFC /* WeekOverviewPageViewDataSource.swift */ = {isa = PBXFileReference; fileEncoding = 4; lastKnownFileType = sourcecode.swift; path = WeekOverviewPageViewDataSource.swift; sourceTree = "<group>"; };
		839A8AF31EA121DE00893F6F /* MainTabBarController.swift */ = {isa = PBXFileReference; fileEncoding = 4; lastKnownFileType = sourcecode.swift; path = MainTabBarController.swift; sourceTree = "<group>"; };
		839A8AF51EA1300A00893F6F /* DayNavigationWrapperViewController.swift */ = {isa = PBXFileReference; fileEncoding = 4; lastKnownFileType = sourcecode.swift; path = DayNavigationWrapperViewController.swift; sourceTree = "<group>"; };
		83A72D731E82DAE0005EB213 /* TimePerspective.swift */ = {isa = PBXFileReference; fileEncoding = 4; lastKnownFileType = sourcecode.swift; path = TimePerspective.swift; sourceTree = "<group>"; };
		83A72D761E82DF95005EB213 /* DayScheduleSurface.swift */ = {isa = PBXFileReference; fileEncoding = 4; lastKnownFileType = sourcecode.swift; path = DayScheduleSurface.swift; sourceTree = "<group>"; };
		83B5DBED1E91E4CC00A0CA7E /* GregorianDayTests.swift */ = {isa = PBXFileReference; fileEncoding = 4; lastKnownFileType = sourcecode.swift; path = GregorianDayTests.swift; sourceTree = "<group>"; };
		83B6C6B21E92B850002DCDA2 /* UIPageViewController.swift */ = {isa = PBXFileReference; fileEncoding = 4; lastKnownFileType = sourcecode.swift; path = UIPageViewController.swift; sourceTree = "<group>"; };
		83B6C6B41E92BC6E002DCDA2 /* DayNavigationViewController.swift */ = {isa = PBXFileReference; fileEncoding = 4; lastKnownFileType = sourcecode.swift; path = DayNavigationViewController.swift; sourceTree = "<group>"; };
		83B6C6B61E92BC7A002DCDA2 /* DayNavigation.storyboard */ = {isa = PBXFileReference; fileEncoding = 4; lastKnownFileType = file.storyboard; path = DayNavigation.storyboard; sourceTree = "<group>"; };
		83D5B85C1E94415A00D5F1C6 /* WeekOverviewDayListingView.swift */ = {isa = PBXFileReference; fileEncoding = 4; lastKnownFileType = sourcecode.swift; path = WeekOverviewDayListingView.swift; sourceTree = "<group>"; };
		83D5B85E1E9441A600D5F1C6 /* WeekOverviewDayListingView.xib */ = {isa = PBXFileReference; fileEncoding = 4; lastKnownFileType = file.xib; path = WeekOverviewDayListingView.xib; sourceTree = "<group>"; };
		83D5B8601E9444C400D5F1C6 /* NibLoadableView.swift */ = {isa = PBXFileReference; fileEncoding = 4; lastKnownFileType = sourcecode.swift; path = NibLoadableView.swift; sourceTree = "<group>"; };
		83F4B1601E7C383F000FCB8D /* ScheduleEntry.swift */ = {isa = PBXFileReference; fileEncoding = 4; lastKnownFileType = sourcecode.swift; path = ScheduleEntry.swift; sourceTree = "<group>"; };
		8EED8FB993394DE5707CFED0 /* Pods-LeapUITests.debug.xcconfig */ = {isa = PBXFileReference; includeInIndex = 1; lastKnownFileType = text.xcconfig; name = "Pods-LeapUITests.debug.xcconfig"; path = "Pods/Target Support Files/Pods-LeapUITests/Pods-LeapUITests.debug.xcconfig"; sourceTree = "<group>"; };
		A45CD1F1585C39E38E93EEDC /* Pods-LeapTests.internal.xcconfig */ = {isa = PBXFileReference; includeInIndex = 1; lastKnownFileType = text.xcconfig; name = "Pods-LeapTests.internal.xcconfig"; path = "Pods/Target Support Files/Pods-LeapTests/Pods-LeapTests.internal.xcconfig"; sourceTree = "<group>"; };
		EFE6A6E5DCCA6A604F469F66 /* Pods-Leap.debug.xcconfig */ = {isa = PBXFileReference; includeInIndex = 1; lastKnownFileType = text.xcconfig; name = "Pods-Leap.debug.xcconfig"; path = "Pods/Target Support Files/Pods-Leap/Pods-Leap.debug.xcconfig"; sourceTree = "<group>"; };
		F7F894F8D14B57D7372FF854 /* Pods-LeapTests.release.xcconfig */ = {isa = PBXFileReference; includeInIndex = 1; lastKnownFileType = text.xcconfig; name = "Pods-LeapTests.release.xcconfig"; path = "Pods/Target Support Files/Pods-LeapTests/Pods-LeapTests.release.xcconfig"; sourceTree = "<group>"; };
		FB0762DA1E142FBF0035EF8F /* ScheduleViewController.swift */ = {isa = PBXFileReference; fileEncoding = 4; lastKnownFileType = sourcecode.swift; path = ScheduleViewController.swift; sourceTree = "<group>"; };
		FB0762DC1E1430A60035EF8F /* Leap.entitlements */ = {isa = PBXFileReference; lastKnownFileType = text.plist.entitlements; path = Leap.entitlements; sourceTree = "<group>"; };
		FB166B561E8ABE1C00CB95EC /* RealmUtil.swift */ = {isa = PBXFileReference; fileEncoding = 4; lastKnownFileType = sourcecode.swift; path = RealmUtil.swift; sourceTree = "<group>"; };
		FB166B5B1E8AC3CA00CB95EC /* Fetchable.swift */ = {isa = PBXFileReference; fileEncoding = 4; lastKnownFileType = sourcecode.swift; path = Fetchable.swift; sourceTree = "<group>"; };
		FB166B5D1E8AC6DB00CB95EC /* ModelReference.swift */ = {isa = PBXFileReference; fileEncoding = 4; lastKnownFileType = sourcecode.swift; path = ModelReference.swift; sourceTree = "<group>"; };
		FB1869D31E9FF88A007642F4 /* RecurrenceTests.swift */ = {isa = PBXFileReference; fileEncoding = 4; lastKnownFileType = sourcecode.swift; path = RecurrenceTests.swift; sourceTree = "<group>"; };
		FB1869D51EA01CBC007642F4 /* List+Leap.swift */ = {isa = PBXFileReference; fileEncoding = 4; lastKnownFileType = sourcecode.swift; path = "List+Leap.swift"; sourceTree = "<group>"; };
		FB2046A21E82DA2200F130C8 /* Event.swift */ = {isa = PBXFileReference; fileEncoding = 4; lastKnownFileType = sourcecode.swift; path = Event.swift; sourceTree = "<group>"; };
		FB2046A51E82E20100F130C8 /* EKEventStore+Realm.swift */ = {isa = PBXFileReference; fileEncoding = 4; lastKnownFileType = sourcecode.swift; path = "EKEventStore+Realm.swift"; sourceTree = "<group>"; };
		FB2046A71E82E28800F130C8 /* EKCalendar+Realm.swift */ = {isa = PBXFileReference; fileEncoding = 4; lastKnownFileType = sourcecode.swift; path = "EKCalendar+Realm.swift"; sourceTree = "<group>"; };
		FB2046A91E82E74700F130C8 /* EKParticipant+Realm.swift */ = {isa = PBXFileReference; fileEncoding = 4; lastKnownFileType = sourcecode.swift; path = "EKParticipant+Realm.swift"; sourceTree = "<group>"; };
		FB2046AB1E82E76000F130C8 /* EKAlarm+Realm.swift */ = {isa = PBXFileReference; fileEncoding = 4; lastKnownFileType = sourcecode.swift; path = "EKAlarm+Realm.swift"; sourceTree = "<group>"; };
		FB2046AD1E82E77C00F130C8 /* EKEvent+Realm.swift */ = {isa = PBXFileReference; fileEncoding = 4; lastKnownFileType = sourcecode.swift; path = "EKEvent+Realm.swift"; sourceTree = "<group>"; };
		FB2046AF1E82E7B000F130C8 /* LegacyCalendar.swift */ = {isa = PBXFileReference; fileEncoding = 4; lastKnownFileType = sourcecode.swift; path = LegacyCalendar.swift; sourceTree = "<group>"; };
		FB2046B11E82E7BF00F130C8 /* Reminder.swift */ = {isa = PBXFileReference; fileEncoding = 4; lastKnownFileType = sourcecode.swift; path = Reminder.swift; sourceTree = "<group>"; };
		FB2046B31E82E7DD00F130C8 /* LeapModel.swift */ = {isa = PBXFileReference; fileEncoding = 4; lastKnownFileType = sourcecode.swift; path = LeapModel.swift; sourceTree = "<group>"; };
		FB2046B51E82E9B100F130C8 /* DeviceAccount.swift */ = {isa = PBXFileReference; fileEncoding = 4; lastKnownFileType = sourcecode.swift; path = DeviceAccount.swift; sourceTree = "<group>"; };
		FB2046B71E830E4600F130C8 /* Temporality.swift */ = {isa = PBXFileReference; fileEncoding = 4; lastKnownFileType = sourcecode.swift; path = Temporality.swift; sourceTree = "<group>"; };
		FB268B6B1EA5332D006510A7 /* WrapperTest.swift */ = {isa = PBXFileReference; fileEncoding = 4; lastKnownFileType = sourcecode.swift; path = WrapperTest.swift; sourceTree = "<group>"; };
		FB3895771EA7C0DE000FC103 /* Thread+Leap.swift */ = {isa = PBXFileReference; fileEncoding = 4; lastKnownFileType = sourcecode.swift; path = "Thread+Leap.swift"; sourceTree = "<group>"; };
		FB39ADA81E8C65AF00B79A7B /* Object+Leap.swift */ = {isa = PBXFileReference; fileEncoding = 4; lastKnownFileType = sourcecode.swift; path = "Object+Leap.swift"; sourceTree = "<group>"; };
		FB39ADAA1E8C69BB00B79A7B /* SurfaceModelBridge.swift */ = {isa = PBXFileReference; fileEncoding = 4; lastKnownFileType = sourcecode.swift; path = SurfaceModelBridge.swift; sourceTree = "<group>"; };
		FB39ADAC1E8EC5A800B79A7B /* BridgeTest.swift */ = {isa = PBXFileReference; fileEncoding = 4; lastKnownFileType = sourcecode.swift; path = BridgeTest.swift; sourceTree = "<group>"; };
		FB39ADAE1E8EC6B700B79A7B /* TestUtil.swift */ = {isa = PBXFileReference; fileEncoding = 4; lastKnownFileType = sourcecode.swift; path = TestUtil.swift; sourceTree = "<group>"; };
		FB39ADB01E92B9F400B79A7B /* Ignorance.swift */ = {isa = PBXFileReference; fileEncoding = 4; lastKnownFileType = sourcecode.swift; path = Ignorance.swift; sourceTree = "<group>"; };
		FB39ADB21E92D40800B79A7B /* Date+Leap.swift */ = {isa = PBXFileReference; fileEncoding = 4; lastKnownFileType = sourcecode.swift; path = "Date+Leap.swift"; sourceTree = "<group>"; };
		FB39ADB41E93EF2D00B79A7B /* Calendar+Leap.swift */ = {isa = PBXFileReference; fileEncoding = 4; lastKnownFileType = sourcecode.swift; path = "Calendar+Leap.swift"; sourceTree = "<group>"; };
		FB39ADB61E93F1EA00B79A7B /* CalendarTests.swift */ = {isa = PBXFileReference; fileEncoding = 4; lastKnownFileType = sourcecode.swift; path = CalendarTests.swift; sourceTree = "<group>"; };
		FB39ADB81E94067200B79A7B /* EventSurfaceTests.swift */ = {isa = PBXFileReference; fileEncoding = 4; lastKnownFileType = sourcecode.swift; path = EventSurfaceTests.swift; sourceTree = "<group>"; };
		FB39ADBA1E9407FF00B79A7B /* Int+Leap.swift */ = {isa = PBXFileReference; fileEncoding = 4; lastKnownFileType = sourcecode.swift; path = "Int+Leap.swift"; sourceTree = "<group>"; };
		FB39ADBC1E94154A00B79A7B /* DaySurface.swift */ = {isa = PBXFileReference; fileEncoding = 4; lastKnownFileType = sourcecode.swift; path = DaySurface.swift; sourceTree = "<group>"; };
		FB4208461E857984007F4DBD /* Recurrence.swift */ = {isa = PBXFileReference; fileEncoding = 4; lastKnownFileType = sourcecode.swift; path = Recurrence.swift; sourceTree = "<group>"; };
		FB4208481E8579D0007F4DBD /* Auditable.swift */ = {isa = PBXFileReference; fileEncoding = 4; lastKnownFileType = sourcecode.swift; path = Auditable.swift; sourceTree = "<group>"; };
		FB42084A1E857DAF007F4DBD /* Participant.swift */ = {isa = PBXFileReference; fileEncoding = 4; lastKnownFileType = sourcecode.swift; path = Participant.swift; sourceTree = "<group>"; };
		FB42084C1E857F7C007F4DBD /* Person.swift */ = {isa = PBXFileReference; fileEncoding = 4; lastKnownFileType = sourcecode.swift; path = Person.swift; sourceTree = "<group>"; };
		FB42084E1E8592E8007F4DBD /* Address.swift */ = {isa = PBXFileReference; fileEncoding = 4; lastKnownFileType = sourcecode.swift; path = Address.swift; sourceTree = "<group>"; };
		FB4208501E8593DA007F4DBD /* Venue.swift */ = {isa = PBXFileReference; fileEncoding = 4; lastKnownFileType = sourcecode.swift; path = Venue.swift; sourceTree = "<group>"; };
		FB4208521E85948A007F4DBD /* Channel.swift */ = {isa = PBXFileReference; fileEncoding = 4; lastKnownFileType = sourcecode.swift; path = Channel.swift; sourceTree = "<group>"; };
		FB4208541E859606007F4DBD /* Alarm.swift */ = {isa = PBXFileReference; fileEncoding = 4; lastKnownFileType = sourcecode.swift; path = Alarm.swift; sourceTree = "<group>"; };
		FB4208561E85A168007F4DBD /* GeoFence.swift */ = {isa = PBXFileReference; fileEncoding = 4; lastKnownFileType = sourcecode.swift; path = GeoFence.swift; sourceTree = "<group>"; };
		FB4208581E85A2DD007F4DBD /* Realm+Leap.swift */ = {isa = PBXFileReference; fileEncoding = 4; lastKnownFileType = sourcecode.swift; path = "Realm+Leap.swift"; sourceTree = "<group>"; };
		FB42085A1E85A650007F4DBD /* TimeZone.swift */ = {isa = PBXFileReference; fileEncoding = 4; lastKnownFileType = sourcecode.swift; path = TimeZone.swift; sourceTree = "<group>"; };
		FB42085C1E896847007F4DBD /* Resource.swift */ = {isa = PBXFileReference; fileEncoding = 4; lastKnownFileType = sourcecode.swift; path = Resource.swift; sourceTree = "<group>"; };
		FB42085E1E896C40007F4DBD /* Reservation.swift */ = {isa = PBXFileReference; fileEncoding = 4; lastKnownFileType = sourcecode.swift; path = Reservation.swift; sourceTree = "<group>"; };
		FB4208651E8976B1007F4DBD /* Series.swift */ = {isa = PBXFileReference; fileEncoding = 4; lastKnownFileType = sourcecode.swift; path = Series.swift; sourceTree = "<group>"; };
		FB4208671E897997007F4DBD /* Template.swift */ = {isa = PBXFileReference; fileEncoding = 4; lastKnownFileType = sourcecode.swift; path = Template.swift; sourceTree = "<group>"; };
		FB4208691E897A04007F4DBD /* Checklist.swift */ = {isa = PBXFileReference; fileEncoding = 4; lastKnownFileType = sourcecode.swift; path = Checklist.swift; sourceTree = "<group>"; };
		FB42086B1E897AD1007F4DBD /* ChecklistItem.swift */ = {isa = PBXFileReference; fileEncoding = 4; lastKnownFileType = sourcecode.swift; path = ChecklistItem.swift; sourceTree = "<group>"; };
		FB42086D1E89816B007F4DBD /* EKRecurrenceRule+Realm.swift */ = {isa = PBXFileReference; fileEncoding = 4; lastKnownFileType = sourcecode.swift; path = "EKRecurrenceRule+Realm.swift"; sourceTree = "<group>"; };
		FB42086F1E89855D007F4DBD /* Group.swift */ = {isa = PBXFileReference; fileEncoding = 4; lastKnownFileType = sourcecode.swift; path = Group.swift; sourceTree = "<group>"; };
		FB4208711E8985DC007F4DBD /* Organization.swift */ = {isa = PBXFileReference; fileEncoding = 4; lastKnownFileType = sourcecode.swift; path = Organization.swift; sourceTree = "<group>"; };
		FB4503D21EA579F8001D9F51 /* SwiftyLRU.swift */ = {isa = PBXFileReference; fileEncoding = 4; lastKnownFileType = sourcecode.swift; path = SwiftyLRU.swift; sourceTree = "<group>"; };
		FB4E11A41E79ABB400687702 /* LaunchScreen.storyboard */ = {isa = PBXFileReference; fileEncoding = 4; lastKnownFileType = file.storyboard; path = LaunchScreen.storyboard; sourceTree = "<group>"; };
		FB4E11A61E79B1F500687702 /* Main.storyboard */ = {isa = PBXFileReference; fileEncoding = 4; lastKnownFileType = file.storyboard; path = Main.storyboard; sourceTree = "<group>"; };
		FB8BB6221E89A76A00A30315 /* EventKitMigrationTests.swift */ = {isa = PBXFileReference; fileEncoding = 4; lastKnownFileType = sourcecode.swift; path = EventKitMigrationTests.swift; sourceTree = "<group>"; };
		FB934F1F1E7E01DF0068CDEF /* Surface.swift */ = {isa = PBXFileReference; fileEncoding = 4; lastKnownFileType = sourcecode.swift; path = Surface.swift; sourceTree = "<group>"; };
		FB934F231E7EDF670068CDEF /* Persistence.swift */ = {isa = PBXFileReference; fileEncoding = 4; lastKnownFileType = sourcecode.swift; path = Persistence.swift; sourceTree = "<group>"; };
		FB934F251E7EDFA80068CDEF /* Lifecycle.swift */ = {isa = PBXFileReference; fileEncoding = 4; lastKnownFileType = sourcecode.swift; path = Lifecycle.swift; sourceTree = "<group>"; };
		FBB4BFD71E8ACED1001679BF /* Operation.swift */ = {isa = PBXFileReference; fileEncoding = 4; lastKnownFileType = sourcecode.swift; path = Operation.swift; sourceTree = "<group>"; };
		FBBE56981EA1692800B9647C /* SeriesSurface.swift */ = {isa = PBXFileReference; fileEncoding = 4; lastKnownFileType = sourcecode.swift; path = SeriesSurface.swift; sourceTree = "<group>"; };
		FBCA4D1D1E84490A003E7AB7 /* Location.swift */ = {isa = PBXFileReference; fileEncoding = 4; lastKnownFileType = sourcecode.swift; path = Location.swift; sourceTree = "<group>"; };
		FBCA4D1F1E844924003E7AB7 /* Room.swift */ = {isa = PBXFileReference; fileEncoding = 4; lastKnownFileType = sourcecode.swift; path = Room.swift; sourceTree = "<group>"; };
		FBD1045C1E80309300DDF65B /* Property.swift */ = {isa = PBXFileReference; fileEncoding = 4; lastKnownFileType = sourcecode.swift; path = Property.swift; sourceTree = "<group>"; };
		FBD1045E1E80717E00DDF65B /* SurfaceTests.swift */ = {isa = PBXFileReference; fileEncoding = 4; lastKnownFileType = sourcecode.swift; path = SurfaceTests.swift; sourceTree = "<group>"; };
		FBD614531E7F3370001F4050 /* EventSurface.swift */ = {isa = PBXFileReference; fileEncoding = 4; lastKnownFileType = sourcecode.swift; path = EventSurface.swift; sourceTree = "<group>"; };
		FBD614551E7F38D4001F4050 /* Schema.swift */ = {isa = PBXFileReference; fileEncoding = 4; lastKnownFileType = sourcecode.swift; path = Schema.swift; sourceTree = "<group>"; };
		FBD614571E7F57B0001F4050 /* Validation.swift */ = {isa = PBXFileReference; fileEncoding = 4; lastKnownFileType = sourcecode.swift; path = Validation.swift; sourceTree = "<group>"; };
		FBE0EFE01DFBBB80007BD8DF /* Leap.app */ = {isa = PBXFileReference; explicitFileType = wrapper.application; includeInIndex = 0; path = Leap.app; sourceTree = BUILT_PRODUCTS_DIR; };
		FBE0EFE31DFBBB80007BD8DF /* AppDelegate.swift */ = {isa = PBXFileReference; lastKnownFileType = sourcecode.swift; path = AppDelegate.swift; sourceTree = "<group>"; };
		FBE0EFE51DFBBB80007BD8DF /* AuthViewController.swift */ = {isa = PBXFileReference; lastKnownFileType = sourcecode.swift; path = AuthViewController.swift; sourceTree = "<group>"; };
		FBE0EFEB1DFBBB80007BD8DF /* Leap.xcdatamodel */ = {isa = PBXFileReference; lastKnownFileType = wrapper.xcdatamodel; path = Leap.xcdatamodel; sourceTree = "<group>"; };
		FBE0EFED1DFBBB80007BD8DF /* Assets.xcassets */ = {isa = PBXFileReference; lastKnownFileType = folder.assetcatalog; path = Assets.xcassets; sourceTree = "<group>"; };
		FBE0EFF21DFBBB80007BD8DF /* Info.plist */ = {isa = PBXFileReference; lastKnownFileType = text.plist.xml; path = Info.plist; sourceTree = "<group>"; };
		FBE0EFF71DFBBB80007BD8DF /* LeapTests.xctest */ = {isa = PBXFileReference; explicitFileType = wrapper.cfbundle; includeInIndex = 0; path = LeapTests.xctest; sourceTree = BUILT_PRODUCTS_DIR; };
		FBE0EFFB1DFBBB80007BD8DF /* LeapTests.swift */ = {isa = PBXFileReference; lastKnownFileType = sourcecode.swift; path = LeapTests.swift; sourceTree = "<group>"; };
		FBE0EFFD1DFBBB80007BD8DF /* Info.plist */ = {isa = PBXFileReference; lastKnownFileType = text.plist.xml; path = Info.plist; sourceTree = "<group>"; };
		FBE0F0021DFBBB80007BD8DF /* LeapUITests.xctest */ = {isa = PBXFileReference; explicitFileType = wrapper.cfbundle; includeInIndex = 0; path = LeapUITests.xctest; sourceTree = BUILT_PRODUCTS_DIR; };
		FBE0F0061DFBBB80007BD8DF /* LeapUITests.swift */ = {isa = PBXFileReference; lastKnownFileType = sourcecode.swift; path = LeapUITests.swift; sourceTree = "<group>"; };
		FBE0F0081DFBBB80007BD8DF /* Info.plist */ = {isa = PBXFileReference; lastKnownFileType = text.plist.xml; path = Info.plist; sourceTree = "<group>"; };
		FBE0F0181DFDBF09007BD8DF /* Leap-Bridging-Header.h */ = {isa = PBXFileReference; fileEncoding = 4; lastKnownFileType = sourcecode.c.h; name = "Leap-Bridging-Header.h"; path = "/Users/kiril/Library/Mobile Documents/com~apple~CloudDocs/Code/Leap/Leap-Bridging-Header.h"; sourceTree = "<absolute>"; };
		FBE4DEA21E6CB9F10062507B /* Auth0.plist */ = {isa = PBXFileReference; fileEncoding = 4; lastKnownFileType = text.plist.xml; name = Auth0.plist; path = Leap/Auth0.plist; sourceTree = "<group>"; };
		FBE4DEA91E6CBD8A0062507B /* Res */ = {isa = PBXFileReference; lastKnownFileType = folder; path = Res; sourceTree = "<group>"; };
/* End PBXFileReference section */

/* Begin PBXFrameworksBuildPhase section */
		FBE0EFDD1DFBBB80007BD8DF /* Frameworks */ = {
			isa = PBXFrameworksBuildPhase;
			buildActionMask = 2147483647;
			files = (
				08183A62F0EA5276BC968F30 /* Pods_Leap.framework in Frameworks */,
			);
			runOnlyForDeploymentPostprocessing = 0;
		};
		FBE0EFF41DFBBB80007BD8DF /* Frameworks */ = {
			isa = PBXFrameworksBuildPhase;
			buildActionMask = 2147483647;
			files = (
				42D2911C1C35BD18F961382F /* Pods_LeapTests.framework in Frameworks */,
			);
			runOnlyForDeploymentPostprocessing = 0;
		};
		FBE0EFFF1DFBBB80007BD8DF /* Frameworks */ = {
			isa = PBXFrameworksBuildPhase;
			buildActionMask = 2147483647;
			files = (
				DB41B30C348D9390E4320905 /* Pods_LeapUITests.framework in Frameworks */,
			);
			runOnlyForDeploymentPostprocessing = 0;
		};
/* End PBXFrameworksBuildPhase section */

/* Begin PBXGroup section */
		1D0E1EBBB25D3250989BF4FF /* Pods */ = {
			isa = PBXGroup;
			children = (
				EFE6A6E5DCCA6A604F469F66 /* Pods-Leap.debug.xcconfig */,
				2A6B5D6A4DA6E20A7F42B13F /* Pods-Leap.release.xcconfig */,
				254C125F10676E959A998B76 /* Pods-LeapTests.debug.xcconfig */,
				F7F894F8D14B57D7372FF854 /* Pods-LeapTests.release.xcconfig */,
				8EED8FB993394DE5707CFED0 /* Pods-LeapUITests.debug.xcconfig */,
				133F156348C32E90817CAF77 /* Pods-LeapUITests.release.xcconfig */,
				3A18F5F3F7D9C4C8FBFD38A6 /* Pods-Leap.internal.xcconfig */,
				A45CD1F1585C39E38E93EEDC /* Pods-LeapTests.internal.xcconfig */,
				274B7F58648B6E4512CDCCA3 /* Pods-LeapUITests.internal.xcconfig */,
			);
			name = Pods;
			sourceTree = "<group>";
		};
		49516C8DC3E3620222E438B8 /* Frameworks */ = {
			isa = PBXGroup;
			children = (
				60E8617E6FAACB8E29AA34F7 /* Pods_Leap.framework */,
				726DA31B7DBD3655C83BFA3D /* Pods_LeapTests.framework */,
				386ABDADBBC48EDACA0896BE /* Pods_LeapUITests.framework */,
			);
			name = Frameworks;
			sourceTree = "<group>";
		};
		831444C21E7AF7AD00A5EF06 /* LocalCalendar */ = {
			isa = PBXGroup;
			children = (
				831444C01E7AF77700A5EF06 /* DaySchedule.storyboard */,
				831444C71E7B034A00A5EF06 /* EventViewCell.xib */,
				831444C91E7B072600A5EF06 /* EventViewCell.swift */,
				831444C51E7B020700A5EF06 /* DayScheduleViewController.swift */,
				831444CB1E7B099C00A5EF06 /* CalendarViewFlowLayout.swift */,
				835456191E8C09A100A03B34 /* DayScheduleTitleView.xib */,
				8336175F1E8C1D3A009A97FF /* DayScheduleTitleView.swift */,
				833617661E8C2538009A97FF /* NavigationToggleArrowView.xib */,
				8336176A1E8C277D009A97FF /* NavigationToggleArrowView.swift */,
				83B6C6B41E92BC6E002DCDA2 /* DayNavigationViewController.swift */,
				83B6C6B61E92BC7A002DCDA2 /* DayNavigation.storyboard */,
				839A8AF51EA1300A00893F6F /* DayNavigationWrapperViewController.swift */,
			);
			name = LocalCalendar;
			sourceTree = "<group>";
		};
		831444CD1E7B462500A5EF06 /* ViewModels */ = {
			isa = PBXGroup;
			children = (
				8351BDC81E7C58FD001221AF /* OpenTimeViewModel.swift */,
			);
			name = ViewModels;
			sourceTree = "<group>";
		};
		831444D01E7B46AB00A5EF06 /* Protocols */ = {
			isa = PBXGroup;
			children = (
				831444D11E7B472500A5EF06 /* ViewModelUpdateable.swift */,
				833617771E8C4756009A97FF /* StoryboardLoadable.swift */,
				83D5B8601E9444C400D5F1C6 /* NibLoadableView.swift */,
			);
			name = Protocols;
			sourceTree = "<group>";
		};
		833617611E8C21B1009A97FF /* Fonts */ = {
			isa = PBXGroup;
			children = (
				833617621E8C21E8009A97FF /* FontAwesome.otf */,
			);
			name = Fonts;
			sourceTree = "<group>";
		};
		8336176E1E8C2C1F009A97FF /* WeekNavigation */ = {
			isa = PBXGroup;
			children = (
				8336176F1E8C2C75009A97FF /* WeekNavigation.storyboard */,
				833617731E8C2C9B009A97FF /* WeekNavigationViewController.swift */,
				8393621C1E8FF51E00543CFC /* WeekOverview.storyboard */,
				8393621E1E8FF53B00543CFC /* WeekOverviewViewController.swift */,
				839362201E8FF5F200543CFC /* WeekOverviewPageViewDataSource.swift */,
				83D5B85C1E94415A00D5F1C6 /* WeekOverviewDayListingView.swift */,
				83D5B85E1E9441A600D5F1C6 /* WeekOverviewDayListingView.xib */,
			);
			name = WeekNavigation;
			sourceTree = "<group>";
		};
		8351BDCA1E7C5932001221AF /* Models */ = {
			isa = PBXGroup;
			children = (
				FB4208641E896D81007F4DBD /* Metadata */,
				FB4208631E896D6E007F4DBD /* Util */,
				FB4208621E896D33007F4DBD /* Resources */,
				FB4208611E896D2C007F4DBD /* People */,
				FB4208601E896D25007F4DBD /* Events */,
				FB2046AF1E82E7B000F130C8 /* LegacyCalendar.swift */,
				FB2046B51E82E9B100F130C8 /* DeviceAccount.swift */,
			);
			name = Models;
			sourceTree = "<group>";
		};
		8351BDCB1E7C593C001221AF /* Utilities */ = {
			isa = PBXGroup;
			children = (
				8351BDCC1E7C596C001221AF /* GregorianDay.swift */,
				83A72D731E82DAE0005EB213 /* TimePerspective.swift */,
				FB39ADB21E92D40800B79A7B /* Date+Leap.swift */,
				FB39ADB41E93EF2D00B79A7B /* Calendar+Leap.swift */,
				FB39ADBA1E9407FF00B79A7B /* Int+Leap.swift */,
				FB4503D21EA579F8001D9F51 /* SwiftyLRU.swift */,
				FB3895771EA7C0DE000FC103 /* Thread+Leap.swift */,
			);
			name = Utilities;
			sourceTree = "<group>";
		};
		8351BDCE1E7C5CCC001221AF /* Flows */ = {
			isa = PBXGroup;
			children = (
				835456131E8AF9BE00A03B34 /* InitialNavigation */,
				8351BDCF1E7C5D45001221AF /* Auth */,
				8336176E1E8C2C1F009A97FF /* WeekNavigation */,
				831444C21E7AF7AD00A5EF06 /* LocalCalendar */,
			);
			name = Flows;
			sourceTree = "<group>";
		};
		8351BDCF1E7C5D45001221AF /* Auth */ = {
			isa = PBXGroup;
			children = (
				831444BE1E7AF4E200A5EF06 /* AuthFlow.storyboard */,
				FB0762DA1E142FBF0035EF8F /* ScheduleViewController.swift */,
				FBE0EFE51DFBBB80007BD8DF /* AuthViewController.swift */,
			);
			name = Auth;
			sourceTree = "<group>";
		};
		835456131E8AF9BE00A03B34 /* InitialNavigation */ = {
			isa = PBXGroup;
			children = (
				835456141E8AF9EA00A03B34 /* InitialViewController.swift */,
				839A8AF31EA121DE00893F6F /* MainTabBarController.swift */,
			);
			name = InitialNavigation;
			sourceTree = "<group>";
		};
		835456161E8AFD5500A03B34 /* Extensions */ = {
			isa = PBXGroup;
			children = (
				835456171E8AFD7200A03B34 /* UIColor+ProjectExtensions.swift */,
				83B6C6B21E92B850002DCDA2 /* UIPageViewController.swift */,
				8372067A1E9EAEBF0010B914 /* UIFont+Extensions.swift */,
				8372067C1E9F3EDE0010B914 /* RealmExtensions.swift */,
			);
			name = Extensions;
			sourceTree = "<group>";
		};
		FB166B581E8ABE9D00CB95EC /* Surfaces */ = {
			isa = PBXGroup;
			children = (
				8351BDD01E807C4C001221AF /* WeekOverviewSurface.swift */,
				FBD614531E7F3370001F4050 /* EventSurface.swift */,
				83A72D761E82DF95005EB213 /* DayScheduleSurface.swift */,
				83F4B1601E7C383F000FCB8D /* ScheduleEntry.swift */,
				FB39ADBC1E94154A00B79A7B /* DaySurface.swift */,
				FBBE56981EA1692800B9647C /* SeriesSurface.swift */,
			);
			name = Surfaces;
			sourceTree = "<group>";
		};
		FB2046A41E82E1C300F130C8 /* EventKit */ = {
			isa = PBXGroup;
			children = (
				FB2046A51E82E20100F130C8 /* EKEventStore+Realm.swift */,
				FB2046A71E82E28800F130C8 /* EKCalendar+Realm.swift */,
				FB2046A91E82E74700F130C8 /* EKParticipant+Realm.swift */,
				FB2046AB1E82E76000F130C8 /* EKAlarm+Realm.swift */,
				FB2046AD1E82E77C00F130C8 /* EKEvent+Realm.swift */,
				FB42086D1E89816B007F4DBD /* EKRecurrenceRule+Realm.swift */,
			);
			name = EventKit;
			sourceTree = "<group>";
		};
		FB4208601E896D25007F4DBD /* Events */ = {
			isa = PBXGroup;
			children = (
				FB2046B71E830E4600F130C8 /* Temporality.swift */,
				FB2046A21E82DA2200F130C8 /* Event.swift */,
				FB2046B11E82E7BF00F130C8 /* Reminder.swift */,
				FB4208541E859606007F4DBD /* Alarm.swift */,
				FB4208521E85948A007F4DBD /* Channel.swift */,
				FB4208651E8976B1007F4DBD /* Series.swift */,
				FB4208461E857984007F4DBD /* Recurrence.swift */,
				FB4208671E897997007F4DBD /* Template.swift */,
				FB39ADB01E92B9F400B79A7B /* Ignorance.swift */,
			);
			name = Events;
			sourceTree = "<group>";
		};
		FB4208611E896D2C007F4DBD /* People */ = {
			isa = PBXGroup;
			children = (
				FB42084A1E857DAF007F4DBD /* Participant.swift */,
				FB42084C1E857F7C007F4DBD /* Person.swift */,
				FB42086F1E89855D007F4DBD /* Group.swift */,
				FB4208711E8985DC007F4DBD /* Organization.swift */,
			);
			name = People;
			sourceTree = "<group>";
		};
		FB4208621E896D33007F4DBD /* Resources */ = {
			isa = PBXGroup;
			children = (
				FB4208501E8593DA007F4DBD /* Venue.swift */,
				FB42085C1E896847007F4DBD /* Resource.swift */,
				FBCA4D1F1E844924003E7AB7 /* Room.swift */,
				FB42085E1E896C40007F4DBD /* Reservation.swift */,
			);
			name = Resources;
			sourceTree = "<group>";
		};
		FB4208631E896D6E007F4DBD /* Util */ = {
			isa = PBXGroup;
			children = (
				FB4208581E85A2DD007F4DBD /* Realm+Leap.swift */,
				FB39ADA81E8C65AF00B79A7B /* Object+Leap.swift */,
				FB166B5D1E8AC6DB00CB95EC /* ModelReference.swift */,
				FB166B5B1E8AC3CA00CB95EC /* Fetchable.swift */,
				FB39ADAA1E8C69BB00B79A7B /* SurfaceModelBridge.swift */,
				FB2046B31E82E7DD00F130C8 /* LeapModel.swift */,
				FB4208481E8579D0007F4DBD /* Auditable.swift */,
				FB42085A1E85A650007F4DBD /* TimeZone.swift */,
				FB166B561E8ABE1C00CB95EC /* RealmUtil.swift */,
				FB1869D51EA01CBC007642F4 /* List+Leap.swift */,
			);
			name = Util;
			sourceTree = "<group>";
		};
		FB4208641E896D81007F4DBD /* Metadata */ = {
			isa = PBXGroup;
			children = (
				FBCA4D1D1E84490A003E7AB7 /* Location.swift */,
				FB42084E1E8592E8007F4DBD /* Address.swift */,
				FB4208561E85A168007F4DBD /* GeoFence.swift */,
				FB4208691E897A04007F4DBD /* Checklist.swift */,
				FB42086B1E897AD1007F4DBD /* ChecklistItem.swift */,
			);
			name = Metadata;
			sourceTree = "<group>";
		};
		FB934F1E1E7E019B0068CDEF /* Surface */ = {
			isa = PBXGroup;
			children = (
				FB934F1F1E7E01DF0068CDEF /* Surface.swift */,
				FB934F231E7EDF670068CDEF /* Persistence.swift */,
				FB934F251E7EDFA80068CDEF /* Lifecycle.swift */,
				FBD614551E7F38D4001F4050 /* Schema.swift */,
				FBD614571E7F57B0001F4050 /* Validation.swift */,
				FBD1045C1E80309300DDF65B /* Property.swift */,
				FBB4BFD71E8ACED1001679BF /* Operation.swift */,
			);
			name = Surface;
			sourceTree = "<group>";
		};
		FBE0EFD71DFBBB80007BD8DF = {
			isa = PBXGroup;
			children = (
				FBE0F0181DFDBF09007BD8DF /* Leap-Bridging-Header.h */,
				FBE4DEA21E6CB9F10062507B /* Auth0.plist */,
				FBE0EFE21DFBBB80007BD8DF /* Leap */,
				FBE0EFFA1DFBBB80007BD8DF /* LeapTests */,
				FBE0F0051DFBBB80007BD8DF /* LeapUITests */,
				FBE0EFE11DFBBB80007BD8DF /* Products */,
				1D0E1EBBB25D3250989BF4FF /* Pods */,
				49516C8DC3E3620222E438B8 /* Frameworks */,
			);
			sourceTree = "<group>";
		};
		FBE0EFE11DFBBB80007BD8DF /* Products */ = {
			isa = PBXGroup;
			children = (
				FBE0EFE01DFBBB80007BD8DF /* Leap.app */,
				FBE0EFF71DFBBB80007BD8DF /* LeapTests.xctest */,
				FBE0F0021DFBBB80007BD8DF /* LeapUITests.xctest */,
			);
			name = Products;
			sourceTree = "<group>";
		};
		FBE0EFE21DFBBB80007BD8DF /* Leap */ = {
			isa = PBXGroup;
			children = (
				FB2046A41E82E1C300F130C8 /* EventKit */,
				FB934F1E1E7E019B0068CDEF /* Surface */,
				FB166B581E8ABE9D00CB95EC /* Surfaces */,
				FBE4DEA91E6CBD8A0062507B /* Res */,
				FB0762DC1E1430A60035EF8F /* Leap.entitlements */,
				FBE0EFE31DFBBB80007BD8DF /* AppDelegate.swift */,
				FB4E11A61E79B1F500687702 /* Main.storyboard */,
				8351BDCE1E7C5CCC001221AF /* Flows */,
				831444CD1E7B462500A5EF06 /* ViewModels */,
				831444D01E7B46AB00A5EF06 /* Protocols */,
				835456161E8AFD5500A03B34 /* Extensions */,
				8351BDCA1E7C5932001221AF /* Models */,
				8351BDCB1E7C593C001221AF /* Utilities */,
				833617611E8C21B1009A97FF /* Fonts */,
				FB4E11A41E79ABB400687702 /* LaunchScreen.storyboard */,
				FBE0EFED1DFBBB80007BD8DF /* Assets.xcassets */,
				FBE0EFF21DFBBB80007BD8DF /* Info.plist */,
				FBE0EFEA1DFBBB80007BD8DF /* Leap.xcdatamodeld */,
			);
			path = Leap;
			sourceTree = "<group>";
		};
		FBE0EFFA1DFBBB80007BD8DF /* LeapTests */ = {
			isa = PBXGroup;
			children = (
				83B5DBED1E91E4CC00A0CA7E /* GregorianDayTests.swift */,
				FBE0EFFB1DFBBB80007BD8DF /* LeapTests.swift */,
				FBE0EFFD1DFBBB80007BD8DF /* Info.plist */,
				FBD1045E1E80717E00DDF65B /* SurfaceTests.swift */,
				FB8BB6221E89A76A00A30315 /* EventKitMigrationTests.swift */,
				FB39ADAC1E8EC5A800B79A7B /* BridgeTest.swift */,
				FB39ADAE1E8EC6B700B79A7B /* TestUtil.swift */,
				FB39ADB61E93F1EA00B79A7B /* CalendarTests.swift */,
				FB39ADB81E94067200B79A7B /* EventSurfaceTests.swift */,
				FB1869D31E9FF88A007642F4 /* RecurrenceTests.swift */,
				FB268B6B1EA5332D006510A7 /* WrapperTest.swift */,
			);
			path = LeapTests;
			sourceTree = "<group>";
		};
		FBE0F0051DFBBB80007BD8DF /* LeapUITests */ = {
			isa = PBXGroup;
			children = (
				FBE0F0061DFBBB80007BD8DF /* LeapUITests.swift */,
				FBE0F0081DFBBB80007BD8DF /* Info.plist */,
			);
			path = LeapUITests;
			sourceTree = "<group>";
		};
/* End PBXGroup section */

/* Begin PBXNativeTarget section */
		FBE0EFDF1DFBBB80007BD8DF /* Leap */ = {
			isa = PBXNativeTarget;
			buildConfigurationList = FBE0F00B1DFBBB80007BD8DF /* Build configuration list for PBXNativeTarget "Leap" */;
			buildPhases = (
				BA0B8F2DB2E61DD7B7D6C618 /* [CP] Check Pods Manifest.lock */,
				FBE0EFDC1DFBBB80007BD8DF /* Sources */,
				FBE0EFDD1DFBBB80007BD8DF /* Frameworks */,
				FBE0EFDE1DFBBB80007BD8DF /* Resources */,
				904E71DE40C8BC6F4FF277C2 /* [CP] Embed Pods Frameworks */,
				C10AEB44ADEFFB6AB4313BB8 /* [CP] Copy Pods Resources */,
				837A938C1E9BFEC50015406D /* ShellScript */,
			);
			buildRules = (
			);
			dependencies = (
			);
			name = Leap;
			productName = Leap;
			productReference = FBE0EFE01DFBBB80007BD8DF /* Leap.app */;
			productType = "com.apple.product-type.application";
		};
		FBE0EFF61DFBBB80007BD8DF /* LeapTests */ = {
			isa = PBXNativeTarget;
			buildConfigurationList = FBE0F00E1DFBBB80007BD8DF /* Build configuration list for PBXNativeTarget "LeapTests" */;
			buildPhases = (
				EB839DE08C5508895F3C01FA /* [CP] Check Pods Manifest.lock */,
				FBE0EFF31DFBBB80007BD8DF /* Sources */,
				FBE0EFF41DFBBB80007BD8DF /* Frameworks */,
				FBE0EFF51DFBBB80007BD8DF /* Resources */,
				3F8D313C8DFFE4F364DB14D7 /* [CP] Embed Pods Frameworks */,
				A252DB59734ADA3F9B2DD542 /* [CP] Copy Pods Resources */,
			);
			buildRules = (
			);
			dependencies = (
				FBE0EFF91DFBBB80007BD8DF /* PBXTargetDependency */,
			);
			name = LeapTests;
			productName = LeapTests;
			productReference = FBE0EFF71DFBBB80007BD8DF /* LeapTests.xctest */;
			productType = "com.apple.product-type.bundle.unit-test";
		};
		FBE0F0011DFBBB80007BD8DF /* LeapUITests */ = {
			isa = PBXNativeTarget;
			buildConfigurationList = FBE0F0111DFBBB80007BD8DF /* Build configuration list for PBXNativeTarget "LeapUITests" */;
			buildPhases = (
				7CC47F0A1A00B909DF4AAC97 /* [CP] Check Pods Manifest.lock */,
				FBE0EFFE1DFBBB80007BD8DF /* Sources */,
				FBE0EFFF1DFBBB80007BD8DF /* Frameworks */,
				FBE0F0001DFBBB80007BD8DF /* Resources */,
				4CEE1BF7E463B40170CB1F4F /* [CP] Embed Pods Frameworks */,
				A18D69224C73EA4B4F1C487B /* [CP] Copy Pods Resources */,
			);
			buildRules = (
			);
			dependencies = (
				FBE0F0041DFBBB80007BD8DF /* PBXTargetDependency */,
			);
			name = LeapUITests;
			productName = LeapUITests;
			productReference = FBE0F0021DFBBB80007BD8DF /* LeapUITests.xctest */;
			productType = "com.apple.product-type.bundle.ui-testing";
		};
/* End PBXNativeTarget section */

/* Begin PBXProject section */
		FBE0EFD81DFBBB80007BD8DF /* Project object */ = {
			isa = PBXProject;
			attributes = {
				LastSwiftUpdateCheck = 0810;
				LastUpgradeCheck = 0830;
				ORGANIZATIONNAME = "Single Leap, Inc";
				TargetAttributes = {
					FBE0EFDF1DFBBB80007BD8DF = {
						CreatedOnToolsVersion = 8.1;
						DevelopmentTeam = W8PY5MD3RJ;
						ProvisioningStyle = Manual;
						SystemCapabilities = {
							com.apple.Push = {
								enabled = 0;
							};
						};
					};
					FBE0EFF61DFBBB80007BD8DF = {
						CreatedOnToolsVersion = 8.1;
						DevelopmentTeam = HNRVQL94Y9;
						ProvisioningStyle = Automatic;
						TestTargetID = FBE0EFDF1DFBBB80007BD8DF;
					};
					FBE0F0011DFBBB80007BD8DF = {
						CreatedOnToolsVersion = 8.1;
						DevelopmentTeam = HNRVQL94Y9;
						ProvisioningStyle = Automatic;
						TestTargetID = FBE0EFDF1DFBBB80007BD8DF;
					};
				};
			};
			buildConfigurationList = FBE0EFDB1DFBBB80007BD8DF /* Build configuration list for PBXProject "Leap" */;
			compatibilityVersion = "Xcode 3.2";
			developmentRegion = English;
			hasScannedForEncodings = 0;
			knownRegions = (
				en,
				Base,
			);
			mainGroup = FBE0EFD71DFBBB80007BD8DF;
			productRefGroup = FBE0EFE11DFBBB80007BD8DF /* Products */;
			projectDirPath = "";
			projectRoot = "";
			targets = (
				FBE0EFDF1DFBBB80007BD8DF /* Leap */,
				FBE0EFF61DFBBB80007BD8DF /* LeapTests */,
				FBE0F0011DFBBB80007BD8DF /* LeapUITests */,
			);
		};
/* End PBXProject section */

/* Begin PBXResourcesBuildPhase section */
		FBE0EFDE1DFBBB80007BD8DF /* Resources */ = {
			isa = PBXResourcesBuildPhase;
			buildActionMask = 2147483647;
			files = (
				833617701E8C2C75009A97FF /* WeekNavigation.storyboard in Resources */,
				FBE4DEA31E6CB9F10062507B /* Auth0.plist in Resources */,
				83D5B85F1E9441A600D5F1C6 /* WeekOverviewDayListingView.xib in Resources */,
				831444C11E7AF77700A5EF06 /* DaySchedule.storyboard in Resources */,
				FB4E11A71E79B1F500687702 /* Main.storyboard in Resources */,
				FBE4DEAA1E6CBD8A0062507B /* Res in Resources */,
				FBE0EFEE1DFBBB80007BD8DF /* Assets.xcassets in Resources */,
				8354561A1E8C09A100A03B34 /* DayScheduleTitleView.xib in Resources */,
				8393621D1E8FF51E00543CFC /* WeekOverview.storyboard in Resources */,
				83B6C6B71E92BC7A002DCDA2 /* DayNavigation.storyboard in Resources */,
				833617631E8C21E8009A97FF /* FontAwesome.otf in Resources */,
				833617671E8C2538009A97FF /* NavigationToggleArrowView.xib in Resources */,
				831444BF1E7AF4E200A5EF06 /* AuthFlow.storyboard in Resources */,
				FB4E11A51E79ABB400687702 /* LaunchScreen.storyboard in Resources */,
				831444C81E7B034A00A5EF06 /* EventViewCell.xib in Resources */,
			);
			runOnlyForDeploymentPostprocessing = 0;
		};
		FBE0EFF51DFBBB80007BD8DF /* Resources */ = {
			isa = PBXResourcesBuildPhase;
			buildActionMask = 2147483647;
			files = (
				833617641E8C21E8009A97FF /* FontAwesome.otf in Resources */,
			);
			runOnlyForDeploymentPostprocessing = 0;
		};
		FBE0F0001DFBBB80007BD8DF /* Resources */ = {
			isa = PBXResourcesBuildPhase;
			buildActionMask = 2147483647;
			files = (
				833617651E8C21E8009A97FF /* FontAwesome.otf in Resources */,
			);
			runOnlyForDeploymentPostprocessing = 0;
		};
/* End PBXResourcesBuildPhase section */

/* Begin PBXShellScriptBuildPhase section */
		3F8D313C8DFFE4F364DB14D7 /* [CP] Embed Pods Frameworks */ = {
			isa = PBXShellScriptBuildPhase;
			buildActionMask = 2147483647;
			files = (
			);
			inputPaths = (
			);
			name = "[CP] Embed Pods Frameworks";
			outputPaths = (
			);
			runOnlyForDeploymentPostprocessing = 0;
			shellPath = /bin/sh;
			shellScript = "\"${SRCROOT}/Pods/Target Support Files/Pods-LeapTests/Pods-LeapTests-frameworks.sh\"\n";
			showEnvVarsInLog = 0;
		};
		4CEE1BF7E463B40170CB1F4F /* [CP] Embed Pods Frameworks */ = {
			isa = PBXShellScriptBuildPhase;
			buildActionMask = 2147483647;
			files = (
			);
			inputPaths = (
			);
			name = "[CP] Embed Pods Frameworks";
			outputPaths = (
			);
			runOnlyForDeploymentPostprocessing = 0;
			shellPath = /bin/sh;
			shellScript = "\"${SRCROOT}/Pods/Target Support Files/Pods-LeapUITests/Pods-LeapUITests-frameworks.sh\"\n";
			showEnvVarsInLog = 0;
		};
		7CC47F0A1A00B909DF4AAC97 /* [CP] Check Pods Manifest.lock */ = {
			isa = PBXShellScriptBuildPhase;
			buildActionMask = 2147483647;
			files = (
			);
			inputPaths = (
			);
			name = "[CP] Check Pods Manifest.lock";
			outputPaths = (
			);
			runOnlyForDeploymentPostprocessing = 0;
			shellPath = /bin/sh;
			shellScript = "diff \"${PODS_ROOT}/../Podfile.lock\" \"${PODS_ROOT}/Manifest.lock\" > /dev/null\nif [ $? != 0 ] ; then\n    # print error to STDERR\n    echo \"error: The sandbox is not in sync with the Podfile.lock. Run 'pod install' or update your CocoaPods installation.\" >&2\n    exit 1\nfi\n";
			showEnvVarsInLog = 0;
		};
		837A938C1E9BFEC50015406D /* ShellScript */ = {
			isa = PBXShellScriptBuildPhase;
			buildActionMask = 2147483647;
			files = (
			);
			inputPaths = (
			);
			outputPaths = (
			);
			runOnlyForDeploymentPostprocessing = 0;
			shellPath = /bin/sh;
			shellScript = "\"${PODS_ROOT}/Fabric/run\" 72463fd43b03cfe73fd4fbc6b7d827ca39b333bc d676cd1889e1cafba97f1d01b18e196e796ef34a79bc4e5eeaf87ebdb859f33e";
		};
		904E71DE40C8BC6F4FF277C2 /* [CP] Embed Pods Frameworks */ = {
			isa = PBXShellScriptBuildPhase;
			buildActionMask = 2147483647;
			files = (
			);
			inputPaths = (
			);
			name = "[CP] Embed Pods Frameworks";
			outputPaths = (
			);
			runOnlyForDeploymentPostprocessing = 0;
			shellPath = /bin/sh;
			shellScript = "\"${SRCROOT}/Pods/Target Support Files/Pods-Leap/Pods-Leap-frameworks.sh\"\n";
			showEnvVarsInLog = 0;
		};
		A18D69224C73EA4B4F1C487B /* [CP] Copy Pods Resources */ = {
			isa = PBXShellScriptBuildPhase;
			buildActionMask = 2147483647;
			files = (
			);
			inputPaths = (
			);
			name = "[CP] Copy Pods Resources";
			outputPaths = (
			);
			runOnlyForDeploymentPostprocessing = 0;
			shellPath = /bin/sh;
			shellScript = "\"${SRCROOT}/Pods/Target Support Files/Pods-LeapUITests/Pods-LeapUITests-resources.sh\"\n";
			showEnvVarsInLog = 0;
		};
		A252DB59734ADA3F9B2DD542 /* [CP] Copy Pods Resources */ = {
			isa = PBXShellScriptBuildPhase;
			buildActionMask = 2147483647;
			files = (
			);
			inputPaths = (
			);
			name = "[CP] Copy Pods Resources";
			outputPaths = (
			);
			runOnlyForDeploymentPostprocessing = 0;
			shellPath = /bin/sh;
			shellScript = "\"${SRCROOT}/Pods/Target Support Files/Pods-LeapTests/Pods-LeapTests-resources.sh\"\n";
			showEnvVarsInLog = 0;
		};
		BA0B8F2DB2E61DD7B7D6C618 /* [CP] Check Pods Manifest.lock */ = {
			isa = PBXShellScriptBuildPhase;
			buildActionMask = 2147483647;
			files = (
			);
			inputPaths = (
			);
			name = "[CP] Check Pods Manifest.lock";
			outputPaths = (
			);
			runOnlyForDeploymentPostprocessing = 0;
			shellPath = /bin/sh;
			shellScript = "diff \"${PODS_ROOT}/../Podfile.lock\" \"${PODS_ROOT}/Manifest.lock\" > /dev/null\nif [ $? != 0 ] ; then\n    # print error to STDERR\n    echo \"error: The sandbox is not in sync with the Podfile.lock. Run 'pod install' or update your CocoaPods installation.\" >&2\n    exit 1\nfi\n";
			showEnvVarsInLog = 0;
		};
		C10AEB44ADEFFB6AB4313BB8 /* [CP] Copy Pods Resources */ = {
			isa = PBXShellScriptBuildPhase;
			buildActionMask = 2147483647;
			files = (
			);
			inputPaths = (
			);
			name = "[CP] Copy Pods Resources";
			outputPaths = (
			);
			runOnlyForDeploymentPostprocessing = 0;
			shellPath = /bin/sh;
			shellScript = "\"${SRCROOT}/Pods/Target Support Files/Pods-Leap/Pods-Leap-resources.sh\"\n";
			showEnvVarsInLog = 0;
		};
		EB839DE08C5508895F3C01FA /* [CP] Check Pods Manifest.lock */ = {
			isa = PBXShellScriptBuildPhase;
			buildActionMask = 2147483647;
			files = (
			);
			inputPaths = (
			);
			name = "[CP] Check Pods Manifest.lock";
			outputPaths = (
			);
			runOnlyForDeploymentPostprocessing = 0;
			shellPath = /bin/sh;
			shellScript = "diff \"${PODS_ROOT}/../Podfile.lock\" \"${PODS_ROOT}/Manifest.lock\" > /dev/null\nif [ $? != 0 ] ; then\n    # print error to STDERR\n    echo \"error: The sandbox is not in sync with the Podfile.lock. Run 'pod install' or update your CocoaPods installation.\" >&2\n    exit 1\nfi\n";
			showEnvVarsInLog = 0;
		};
/* End PBXShellScriptBuildPhase section */

/* Begin PBXSourcesBuildPhase section */
		FBE0EFDC1DFBBB80007BD8DF /* Sources */ = {
			isa = PBXSourcesBuildPhase;
			buildActionMask = 2147483647;
			files = (
				FB2046AE1E82E77C00F130C8 /* EKEvent+Realm.swift in Sources */,
				FB4208531E85948A007F4DBD /* Channel.swift in Sources */,
				FBCA4D1E1E84490A003E7AB7 /* Location.swift in Sources */,
				FB934F241E7EDF670068CDEF /* Persistence.swift in Sources */,
				83B6C6B51E92BC6E002DCDA2 /* DayNavigationViewController.swift in Sources */,
				8372067D1E9F3EDE0010B914 /* RealmExtensions.swift in Sources */,
				FB42085B1E85A650007F4DBD /* TimeZone.swift in Sources */,
				83D5B85D1E94415A00D5F1C6 /* WeekOverviewDayListingView.swift in Sources */,
				835456181E8AFD7200A03B34 /* UIColor+ProjectExtensions.swift in Sources */,
				FBE0EFEC1DFBBB80007BD8DF /* Leap.xcdatamodeld in Sources */,
				839A8AF61EA1300A00893F6F /* DayNavigationWrapperViewController.swift in Sources */,
				FB2046AC1E82E76000F130C8 /* EKAlarm+Realm.swift in Sources */,
				8372067B1E9EAEBF0010B914 /* UIFont+Extensions.swift in Sources */,
				FBE0EFE61DFBBB80007BD8DF /* AuthViewController.swift in Sources */,
				FB4208721E8985DC007F4DBD /* Organization.swift in Sources */,
				FBCA4D201E844924003E7AB7 /* Room.swift in Sources */,
				FB2046B61E82E9B100F130C8 /* DeviceAccount.swift in Sources */,
				FB4208491E8579D0007F4DBD /* Auditable.swift in Sources */,
				FB42084D1E857F7C007F4DBD /* Person.swift in Sources */,
				FB4208681E897997007F4DBD /* Template.swift in Sources */,
				FB4208571E85A168007F4DBD /* GeoFence.swift in Sources */,
				FB39ADBB1E9407FF00B79A7B /* Int+Leap.swift in Sources */,
				FB166B5C1E8AC3CA00CB95EC /* Fetchable.swift in Sources */,
				FB166B5E1E8AC6DB00CB95EC /* ModelReference.swift in Sources */,
				833617781E8C4756009A97FF /* StoryboardLoadable.swift in Sources */,
				FB4208661E8976B1007F4DBD /* Series.swift in Sources */,
				FBD614541E7F3370001F4050 /* EventSurface.swift in Sources */,
				FB934F261E7EDFA80068CDEF /* Lifecycle.swift in Sources */,
				FB42084B1E857DAF007F4DBD /* Participant.swift in Sources */,
				FB934F201E7E01DF0068CDEF /* Surface.swift in Sources */,
				FB39ADAB1E8C69BB00B79A7B /* SurfaceModelBridge.swift in Sources */,
				FBB4BFD81E8ACED1001679BF /* Operation.swift in Sources */,
				8351BDD11E807C4C001221AF /* WeekOverviewSurface.swift in Sources */,
				831444CC1E7B099C00A5EF06 /* CalendarViewFlowLayout.swift in Sources */,
				FB39ADB51E93EF2D00B79A7B /* Calendar+Leap.swift in Sources */,
				FB4208701E89855D007F4DBD /* Group.swift in Sources */,
				FB39ADB31E92D40800B79A7B /* Date+Leap.swift in Sources */,
				FB2046A81E82E28800F130C8 /* EKCalendar+Realm.swift in Sources */,
				833617601E8C1D3A009A97FF /* DayScheduleTitleView.swift in Sources */,
				FB42085D1E896847007F4DBD /* Resource.swift in Sources */,
				FB2046AA1E82E74700F130C8 /* EKParticipant+Realm.swift in Sources */,
				833617741E8C2C9B009A97FF /* WeekNavigationViewController.swift in Sources */,
				FB2046B01E82E7B000F130C8 /* LegacyCalendar.swift in Sources */,
				839A8AF41EA121DE00893F6F /* MainTabBarController.swift in Sources */,
				FB4208551E859606007F4DBD /* Alarm.swift in Sources */,
				831444C61E7B020700A5EF06 /* DayScheduleViewController.swift in Sources */,
				FB39ADB11E92B9F400B79A7B /* Ignorance.swift in Sources */,
				FB39ADBD1E94154A00B79A7B /* DaySurface.swift in Sources */,
				FBD614581E7F57B0001F4050 /* Validation.swift in Sources */,
				FB2046B21E82E7BF00F130C8 /* Reminder.swift in Sources */,
				FB42086E1E89816B007F4DBD /* EKRecurrenceRule+Realm.swift in Sources */,
				FB4503D31EA579F8001D9F51 /* SwiftyLRU.swift in Sources */,
				FB1869D61EA01CBC007642F4 /* List+Leap.swift in Sources */,
				FB4208471E857984007F4DBD /* Recurrence.swift in Sources */,
				839362211E8FF5F200543CFC /* WeekOverviewPageViewDataSource.swift in Sources */,
				831444CA1E7B072600A5EF06 /* EventViewCell.swift in Sources */,
				FB42084F1E8592E8007F4DBD /* Address.swift in Sources */,
				FB4208591E85A2DD007F4DBD /* Realm+Leap.swift in Sources */,
				831444D21E7B472500A5EF06 /* ViewModelUpdateable.swift in Sources */,
				83F4B1611E7C383F000FCB8D /* ScheduleEntry.swift in Sources */,
				83D5B8611E9444C400D5F1C6 /* NibLoadableView.swift in Sources */,
				835456151E8AF9EA00A03B34 /* InitialViewController.swift in Sources */,
				FB2046A61E82E20100F130C8 /* EKEventStore+Realm.swift in Sources */,
				83B6C6B31E92B850002DCDA2 /* UIPageViewController.swift in Sources */,
				FB2046B41E82E7DD00F130C8 /* LeapModel.swift in Sources */,
				FB39ADA91E8C65AF00B79A7B /* Object+Leap.swift in Sources */,
				FB166B571E8ABE1C00CB95EC /* RealmUtil.swift in Sources */,
				FBD614561E7F38D4001F4050 /* Schema.swift in Sources */,
				8336176B1E8C277D009A97FF /* NavigationToggleArrowView.swift in Sources */,
				8393621F1E8FF53B00543CFC /* WeekOverviewViewController.swift in Sources */,
				FB2046B81E830E4600F130C8 /* Temporality.swift in Sources */,
				FB42085F1E896C40007F4DBD /* Reservation.swift in Sources */,
				FB42086C1E897AD1007F4DBD /* ChecklistItem.swift in Sources */,
				FBE0EFE41DFBBB80007BD8DF /* AppDelegate.swift in Sources */,
				83A72D771E82DF95005EB213 /* DayScheduleSurface.swift in Sources */,
				8351BDCD1E7C596C001221AF /* GregorianDay.swift in Sources */,
				8351BDC91E7C58FD001221AF /* OpenTimeViewModel.swift in Sources */,
				FB0762DB1E142FBF0035EF8F /* ScheduleViewController.swift in Sources */,
				FB3895781EA7C0DE000FC103 /* Thread+Leap.swift in Sources */,
				FB2046A31E82DA2200F130C8 /* Event.swift in Sources */,
				FB4208511E8593DA007F4DBD /* Venue.swift in Sources */,
				FBD1045D1E80309300DDF65B /* Property.swift in Sources */,
				FBBE56991EA1692800B9647C /* SeriesSurface.swift in Sources */,
				83A72D741E82DAE0005EB213 /* TimePerspective.swift in Sources */,
				FB42086A1E897A04007F4DBD /* Checklist.swift in Sources */,
			);
			runOnlyForDeploymentPostprocessing = 0;
		};
		FBE0EFF31DFBBB80007BD8DF /* Sources */ = {
			isa = PBXSourcesBuildPhase;
			buildActionMask = 2147483647;
			files = (
				FB39ADAD1E8EC5A800B79A7B /* BridgeTest.swift in Sources */,
				83B5DB701E91D7F400A0CA7E /* (null) in Sources */,
				FB8BB6231E89A76A00A30315 /* EventKitMigrationTests.swift in Sources */,
				FBD1045F1E80717E00DDF65B /* SurfaceTests.swift in Sources */,
				FB39ADB91E94067200B79A7B /* EventSurfaceTests.swift in Sources */,
				FB268B6C1EA5332D006510A7 /* WrapperTest.swift in Sources */,
				FB1869D41E9FF88A007642F4 /* RecurrenceTests.swift in Sources */,
				FB39ADB71E93F1EA00B79A7B /* CalendarTests.swift in Sources */,
				FB39ADAF1E8EC6B700B79A7B /* TestUtil.swift in Sources */,
				83B5DB721E91D7F400A0CA7E /* (null) in Sources */,
				83B5DBEE1E91E4CC00A0CA7E /* GregorianDayTests.swift in Sources */,
				FBE0EFFC1DFBBB80007BD8DF /* LeapTests.swift in Sources */,
			);
			runOnlyForDeploymentPostprocessing = 0;
		};
		FBE0EFFE1DFBBB80007BD8DF /* Sources */ = {
			isa = PBXSourcesBuildPhase;
			buildActionMask = 2147483647;
			files = (
				83B5DB781E91D7F500A0CA7E /* (null) in Sources */,
				83B5DB7A1E91D7F500A0CA7E /* (null) in Sources */,
			);
			runOnlyForDeploymentPostprocessing = 0;
		};
/* End PBXSourcesBuildPhase section */

/* Begin PBXTargetDependency section */
		FBE0EFF91DFBBB80007BD8DF /* PBXTargetDependency */ = {
			isa = PBXTargetDependency;
			target = FBE0EFDF1DFBBB80007BD8DF /* Leap */;
			targetProxy = FBE0EFF81DFBBB80007BD8DF /* PBXContainerItemProxy */;
		};
		FBE0F0041DFBBB80007BD8DF /* PBXTargetDependency */ = {
			isa = PBXTargetDependency;
			target = FBE0EFDF1DFBBB80007BD8DF /* Leap */;
			targetProxy = FBE0F0031DFBBB80007BD8DF /* PBXContainerItemProxy */;
		};
/* End PBXTargetDependency section */

/* Begin XCBuildConfiguration section */
		837A93881E9BE7930015406D /* Internal */ = {
			isa = XCBuildConfiguration;
			buildSettings = {
				ALWAYS_SEARCH_USER_PATHS = NO;
				CLANG_ANALYZER_NONNULL = YES;
				CLANG_CXX_LANGUAGE_STANDARD = "gnu++0x";
				CLANG_CXX_LIBRARY = "libc++";
				CLANG_ENABLE_MODULES = YES;
				CLANG_ENABLE_OBJC_ARC = YES;
				CLANG_WARN_BOOL_CONVERSION = YES;
				CLANG_WARN_CONSTANT_CONVERSION = YES;
				CLANG_WARN_DIRECT_OBJC_ISA_USAGE = YES_ERROR;
				CLANG_WARN_DOCUMENTATION_COMMENTS = YES;
				CLANG_WARN_EMPTY_BODY = YES;
				CLANG_WARN_ENUM_CONVERSION = YES;
				CLANG_WARN_INFINITE_RECURSION = YES;
				CLANG_WARN_INT_CONVERSION = YES;
				CLANG_WARN_OBJC_ROOT_CLASS = YES_ERROR;
				CLANG_WARN_SUSPICIOUS_MOVE = YES;
				CLANG_WARN_SUSPICIOUS_MOVES = YES;
				CLANG_WARN_UNREACHABLE_CODE = YES;
				CLANG_WARN__DUPLICATE_METHOD_MATCH = YES;
				CODE_SIGN_IDENTITY = "iPhone Developer";
				"CODE_SIGN_IDENTITY[sdk=iphoneos*]" = "iPhone Developer";
				COPY_PHASE_STRIP = NO;
				DEBUG_INFORMATION_FORMAT = dwarf;
				DEVELOPMENT_TEAM = HNRVQL94Y9;
				ENABLE_STRICT_OBJC_MSGSEND = YES;
				ENABLE_TESTABILITY = YES;
				FRAMEWORK_SEARCH_PATHS = "$(inherited)";
				GCC_C_LANGUAGE_STANDARD = gnu99;
				GCC_DYNAMIC_NO_PIC = NO;
				GCC_NO_COMMON_BLOCKS = YES;
				GCC_OPTIMIZATION_LEVEL = 0;
				GCC_PREPROCESSOR_DEFINITIONS = (
					"DEBUG=1",
					"$(inherited)",
				);
				GCC_WARN_64_TO_32_BIT_CONVERSION = YES;
				GCC_WARN_ABOUT_RETURN_TYPE = YES_ERROR;
				GCC_WARN_UNDECLARED_SELECTOR = YES;
				GCC_WARN_UNINITIALIZED_AUTOS = YES_AGGRESSIVE;
				GCC_WARN_UNUSED_FUNCTION = YES;
				GCC_WARN_UNUSED_VARIABLE = YES;
				HEADER_SEARCH_PATHS = "$(inherited)";
				IPHONEOS_DEPLOYMENT_TARGET = 10.1;
				MTL_ENABLE_DEBUG_INFO = YES;
				ONLY_ACTIVE_ARCH = YES;
				SDKROOT = iphoneos;
				SWIFT_ACTIVE_COMPILATION_CONDITIONS = DEBUG;
				SWIFT_OPTIMIZATION_LEVEL = "-Onone";
				TARGETED_DEVICE_FAMILY = "1,2";
				USER_HEADER_SEARCH_PATHS = "$(inherited)";
			};
			name = Internal;
		};
		837A93891E9BE7930015406D /* Internal */ = {
			isa = XCBuildConfiguration;
			baseConfigurationReference = 3A18F5F3F7D9C4C8FBFD38A6 /* Pods-Leap.internal.xcconfig */;
			buildSettings = {
				ALWAYS_EMBED_SWIFT_STANDARD_LIBRARIES = YES;
				ASSETCATALOG_COMPILER_APPICON_NAME = "AppIcon-Internal";
				"CODE_SIGN_IDENTITY[sdk=iphoneos*]" = "iPhone Distribution";
				CONFIG_BUNDLE_IDENTIFIER = "com.chrisricca.singleleap.leap-internal";
				CONFIG_DISPLAY_NAME = "Leap Internal";
				DEBUG_INFORMATION_FORMAT = "dwarf-with-dsym";
				DEVELOPMENT_TEAM = W8PY5MD3RJ;
				INFOPLIST_FILE = Leap/Info.plist;
				LD_RUNPATH_SEARCH_PATHS = "$(inherited) @executable_path/Frameworks";
				PRODUCT_BUNDLE_IDENTIFIER = "$(CONFIG_BUNDLE_IDENTIFIER)";
				PRODUCT_NAME = "$(TARGET_NAME)";
				PROVISIONING_PROFILE = "9c435fef-fcc6-466d-81de-adaa104b61e1";
				PROVISIONING_PROFILE_SPECIFIER = "Temporary Leap Internal (Chris Account)";
				SWIFT_OBJC_BRIDGING_HEADER = "Leap-Bridging-Header.h";
				SWIFT_VERSION = 3.0;
			};
			name = Internal;
		};
		837A938A1E9BE7930015406D /* Internal */ = {
			isa = XCBuildConfiguration;
			baseConfigurationReference = A45CD1F1585C39E38E93EEDC /* Pods-LeapTests.internal.xcconfig */;
			buildSettings = {
				BUNDLE_LOADER = "$(TEST_HOST)";
				INFOPLIST_FILE = LeapTests/Info.plist;
				LD_RUNPATH_SEARCH_PATHS = "$(inherited) @executable_path/Frameworks @loader_path/Frameworks";
				OTHER_LDFLAGS = (
					"$(inherited)",
					"-ObjC",
					"-framework",
					"\"Auth0\"",
					"-framework",
					"\"Lock\"",
					"-framework",
					"\"Realm\"",
					"-framework",
					"\"RealmSwift\"",
					"-framework",
					"\"SwiftyJSON\"",
				);
				PRODUCT_BUNDLE_IDENTIFIER = com.singleleap.LeapTests;
				PRODUCT_NAME = "$(TARGET_NAME)";
				SWIFT_VERSION = 3.0;
				TEST_HOST = "$(BUILT_PRODUCTS_DIR)/Leap.app/Leap";
			};
			name = Internal;
		};
		837A938B1E9BE7930015406D /* Internal */ = {
			isa = XCBuildConfiguration;
			baseConfigurationReference = 274B7F58648B6E4512CDCCA3 /* Pods-LeapUITests.internal.xcconfig */;
			buildSettings = {
				INFOPLIST_FILE = LeapUITests/Info.plist;
				LD_RUNPATH_SEARCH_PATHS = "$(inherited) @executable_path/Frameworks @loader_path/Frameworks";
				OTHER_LDFLAGS = (
					"$(inherited)",
					"-ObjC",
					"-framework",
					"\"Auth0\"",
					"-framework",
					"\"Lock\"",
					"-framework",
					"\"Realm\"",
					"-framework",
					"\"RealmSwift\"",
					"-framework",
					"\"SwiftyJSON\"",
				);
				PRODUCT_BUNDLE_IDENTIFIER = com.singleleap.LeapUITests;
				PRODUCT_NAME = "$(TARGET_NAME)";
				SWIFT_VERSION = 3.0;
				TEST_TARGET_NAME = Leap;
			};
			name = Internal;
		};
		FBE0F0091DFBBB80007BD8DF /* Debug */ = {
			isa = XCBuildConfiguration;
			buildSettings = {
				ALWAYS_SEARCH_USER_PATHS = NO;
				CLANG_ANALYZER_NONNULL = YES;
				CLANG_CXX_LANGUAGE_STANDARD = "gnu++0x";
				CLANG_CXX_LIBRARY = "libc++";
				CLANG_ENABLE_MODULES = YES;
				CLANG_ENABLE_OBJC_ARC = YES;
				CLANG_WARN_BOOL_CONVERSION = YES;
				CLANG_WARN_CONSTANT_CONVERSION = YES;
				CLANG_WARN_DIRECT_OBJC_ISA_USAGE = YES_ERROR;
				CLANG_WARN_DOCUMENTATION_COMMENTS = YES;
				CLANG_WARN_EMPTY_BODY = YES;
				CLANG_WARN_ENUM_CONVERSION = YES;
				CLANG_WARN_INFINITE_RECURSION = YES;
				CLANG_WARN_INT_CONVERSION = YES;
				CLANG_WARN_OBJC_ROOT_CLASS = YES_ERROR;
				CLANG_WARN_SUSPICIOUS_MOVE = YES;
				CLANG_WARN_SUSPICIOUS_MOVES = YES;
				CLANG_WARN_UNREACHABLE_CODE = YES;
				CLANG_WARN__DUPLICATE_METHOD_MATCH = YES;
				CODE_SIGN_IDENTITY = "iPhone Developer";
				"CODE_SIGN_IDENTITY[sdk=iphoneos*]" = "iPhone Developer";
				COPY_PHASE_STRIP = NO;
				DEBUG_INFORMATION_FORMAT = dwarf;
				DEVELOPMENT_TEAM = HNRVQL94Y9;
				ENABLE_STRICT_OBJC_MSGSEND = YES;
				ENABLE_TESTABILITY = YES;
				FRAMEWORK_SEARCH_PATHS = "$(inherited)";
				GCC_C_LANGUAGE_STANDARD = gnu99;
				GCC_DYNAMIC_NO_PIC = NO;
				GCC_NO_COMMON_BLOCKS = YES;
				GCC_OPTIMIZATION_LEVEL = 0;
				GCC_PREPROCESSOR_DEFINITIONS = (
					"DEBUG=1",
					"$(inherited)",
				);
				GCC_WARN_64_TO_32_BIT_CONVERSION = YES;
				GCC_WARN_ABOUT_RETURN_TYPE = YES_ERROR;
				GCC_WARN_UNDECLARED_SELECTOR = YES;
				GCC_WARN_UNINITIALIZED_AUTOS = YES_AGGRESSIVE;
				GCC_WARN_UNUSED_FUNCTION = YES;
				GCC_WARN_UNUSED_VARIABLE = YES;
				HEADER_SEARCH_PATHS = "$(inherited)";
				IPHONEOS_DEPLOYMENT_TARGET = 10.1;
				MTL_ENABLE_DEBUG_INFO = YES;
				ONLY_ACTIVE_ARCH = YES;
				SDKROOT = iphoneos;
				SWIFT_ACTIVE_COMPILATION_CONDITIONS = DEBUG;
				SWIFT_OPTIMIZATION_LEVEL = "-Onone";
				TARGETED_DEVICE_FAMILY = "1,2";
				USER_HEADER_SEARCH_PATHS = "$(inherited)";
			};
			name = Debug;
		};
		FBE0F00A1DFBBB80007BD8DF /* Release */ = {
			isa = XCBuildConfiguration;
			buildSettings = {
				ALWAYS_SEARCH_USER_PATHS = NO;
				CLANG_ANALYZER_NONNULL = YES;
				CLANG_CXX_LANGUAGE_STANDARD = "gnu++0x";
				CLANG_CXX_LIBRARY = "libc++";
				CLANG_ENABLE_MODULES = YES;
				CLANG_ENABLE_OBJC_ARC = YES;
				CLANG_WARN_BOOL_CONVERSION = YES;
				CLANG_WARN_CONSTANT_CONVERSION = YES;
				CLANG_WARN_DIRECT_OBJC_ISA_USAGE = YES_ERROR;
				CLANG_WARN_DOCUMENTATION_COMMENTS = YES;
				CLANG_WARN_EMPTY_BODY = YES;
				CLANG_WARN_ENUM_CONVERSION = YES;
				CLANG_WARN_INFINITE_RECURSION = YES;
				CLANG_WARN_INT_CONVERSION = YES;
				CLANG_WARN_OBJC_ROOT_CLASS = YES_ERROR;
				CLANG_WARN_SUSPICIOUS_MOVE = YES;
				CLANG_WARN_SUSPICIOUS_MOVES = YES;
				CLANG_WARN_UNREACHABLE_CODE = YES;
				CLANG_WARN__DUPLICATE_METHOD_MATCH = YES;
				CODE_SIGN_IDENTITY = "iPhone Distribution";
				"CODE_SIGN_IDENTITY[sdk=iphoneos*]" = "iPhone Distribution";
				COPY_PHASE_STRIP = NO;
				DEBUG_INFORMATION_FORMAT = "dwarf-with-dsym";
				DEVELOPMENT_TEAM = HNRVQL94Y9;
				ENABLE_NS_ASSERTIONS = NO;
				ENABLE_STRICT_OBJC_MSGSEND = YES;
				FRAMEWORK_SEARCH_PATHS = "$(inherited)";
				GCC_C_LANGUAGE_STANDARD = gnu99;
				GCC_NO_COMMON_BLOCKS = YES;
				GCC_WARN_64_TO_32_BIT_CONVERSION = YES;
				GCC_WARN_ABOUT_RETURN_TYPE = YES_ERROR;
				GCC_WARN_UNDECLARED_SELECTOR = YES;
				GCC_WARN_UNINITIALIZED_AUTOS = YES_AGGRESSIVE;
				GCC_WARN_UNUSED_FUNCTION = YES;
				GCC_WARN_UNUSED_VARIABLE = YES;
				HEADER_SEARCH_PATHS = "$(inherited)";
				IPHONEOS_DEPLOYMENT_TARGET = 10.1;
				MTL_ENABLE_DEBUG_INFO = NO;
				SDKROOT = iphoneos;
				SWIFT_OPTIMIZATION_LEVEL = "-Owholemodule";
				TARGETED_DEVICE_FAMILY = "1,2";
				USER_HEADER_SEARCH_PATHS = "$(inherited)";
				VALIDATE_PRODUCT = YES;
			};
			name = Release;
		};
		FBE0F00C1DFBBB80007BD8DF /* Debug */ = {
			isa = XCBuildConfiguration;
			baseConfigurationReference = EFE6A6E5DCCA6A604F469F66 /* Pods-Leap.debug.xcconfig */;
			buildSettings = {
				ALWAYS_EMBED_SWIFT_STANDARD_LIBRARIES = YES;
				ASSETCATALOG_COMPILER_APPICON_NAME = "AppIcon-Debug";
				"CODE_SIGN_IDENTITY[sdk=iphoneos*]" = "iPhone Developer";
				CONFIG_BUNDLE_IDENTIFIER = com.singleleap.LeapChris;
				CONFIG_DISPLAY_NAME = "Leap Debug";
				DEBUG_INFORMATION_FORMAT = "dwarf-with-dsym";
				DEVELOPMENT_TEAM = W8PY5MD3RJ;
				INFOPLIST_FILE = Leap/Info.plist;
				LD_RUNPATH_SEARCH_PATHS = "$(inherited) @executable_path/Frameworks";
				PRODUCT_BUNDLE_IDENTIFIER = "$(CONFIG_BUNDLE_IDENTIFIER)";
				PRODUCT_NAME = "$(TARGET_NAME)";
				PROVISIONING_PROFILE = "0d3f265a-e14b-4980-9de4-8b678b8ba7dd";
				PROVISIONING_PROFILE_SPECIFIER = "Leap Temp Development Profile";
				SWIFT_OBJC_BRIDGING_HEADER = "Leap-Bridging-Header.h";
				SWIFT_VERSION = 3.0;
			};
			name = Debug;
		};
		FBE0F00D1DFBBB80007BD8DF /* Release */ = {
			isa = XCBuildConfiguration;
			baseConfigurationReference = 2A6B5D6A4DA6E20A7F42B13F /* Pods-Leap.release.xcconfig */;
			buildSettings = {
				ALWAYS_EMBED_SWIFT_STANDARD_LIBRARIES = YES;
				ASSETCATALOG_COMPILER_APPICON_NAME = AppIcon;
				"CODE_SIGN_IDENTITY[sdk=iphoneos*]" = "iPhone Developer";
				CONFIG_BUNDLE_IDENTIFIER = "";
				CONFIG_DISPLAY_NAME = "";
				DEVELOPMENT_TEAM = "";
				INFOPLIST_FILE = Leap/Info.plist;
				LD_RUNPATH_SEARCH_PATHS = "$(inherited) @executable_path/Frameworks";
				PRODUCT_BUNDLE_IDENTIFIER = "$(CONFIG_BUNDLE_IDENTIFIER)";
				PRODUCT_NAME = "$(TARGET_NAME)";
				PROVISIONING_PROFILE_SPECIFIER = "";
				SWIFT_OBJC_BRIDGING_HEADER = "Leap-Bridging-Header.h";
				SWIFT_VERSION = 3.0;
			};
			name = Release;
		};
		FBE0F00F1DFBBB80007BD8DF /* Debug */ = {
			isa = XCBuildConfiguration;
			baseConfigurationReference = 254C125F10676E959A998B76 /* Pods-LeapTests.debug.xcconfig */;
			buildSettings = {
				BUNDLE_LOADER = "$(TEST_HOST)";
				INFOPLIST_FILE = LeapTests/Info.plist;
				LD_RUNPATH_SEARCH_PATHS = "$(inherited) @executable_path/Frameworks @loader_path/Frameworks";
				OTHER_LDFLAGS = (
					"$(inherited)",
					"-ObjC",
					"-framework",
					"\"Auth0\"",
					"-framework",
					"\"Lock\"",
					"-framework",
					"\"Realm\"",
					"-framework",
					"\"RealmSwift\"",
					"-framework",
					"\"SwiftyJSON\"",
				);
				PRODUCT_BUNDLE_IDENTIFIER = com.singleleap.LeapTests;
				PRODUCT_NAME = "$(TARGET_NAME)";
				SWIFT_VERSION = 3.0;
				TEST_HOST = "$(BUILT_PRODUCTS_DIR)/Leap.app/Leap";
			};
			name = Debug;
		};
		FBE0F0101DFBBB80007BD8DF /* Release */ = {
			isa = XCBuildConfiguration;
			baseConfigurationReference = F7F894F8D14B57D7372FF854 /* Pods-LeapTests.release.xcconfig */;
			buildSettings = {
				BUNDLE_LOADER = "$(TEST_HOST)";
				INFOPLIST_FILE = LeapTests/Info.plist;
				LD_RUNPATH_SEARCH_PATHS = "$(inherited) @executable_path/Frameworks @loader_path/Frameworks";
				OTHER_LDFLAGS = (
					"$(inherited)",
					"-ObjC",
					"-framework",
					"\"Auth0\"",
					"-framework",
					"\"Lock\"",
					"-framework",
					"\"Realm\"",
					"-framework",
					"\"RealmSwift\"",
					"-framework",
					"\"SwiftyJSON\"",
				);
				PRODUCT_BUNDLE_IDENTIFIER = com.singleleap.LeapTests;
				PRODUCT_NAME = "$(TARGET_NAME)";
				SWIFT_VERSION = 3.0;
				TEST_HOST = "$(BUILT_PRODUCTS_DIR)/Leap.app/Leap";
			};
			name = Release;
		};
		FBE0F0121DFBBB80007BD8DF /* Debug */ = {
			isa = XCBuildConfiguration;
			baseConfigurationReference = 8EED8FB993394DE5707CFED0 /* Pods-LeapUITests.debug.xcconfig */;
			buildSettings = {
				INFOPLIST_FILE = LeapUITests/Info.plist;
				LD_RUNPATH_SEARCH_PATHS = "$(inherited) @executable_path/Frameworks @loader_path/Frameworks";
				OTHER_LDFLAGS = (
					"$(inherited)",
					"-ObjC",
					"-framework",
					"\"Auth0\"",
					"-framework",
					"\"Lock\"",
					"-framework",
					"\"Realm\"",
					"-framework",
					"\"RealmSwift\"",
					"-framework",
					"\"SwiftyJSON\"",
				);
				PRODUCT_BUNDLE_IDENTIFIER = com.singleleap.LeapUITests;
				PRODUCT_NAME = "$(TARGET_NAME)";
				SWIFT_VERSION = 3.0;
				TEST_TARGET_NAME = Leap;
			};
			name = Debug;
		};
		FBE0F0131DFBBB80007BD8DF /* Release */ = {
			isa = XCBuildConfiguration;
			baseConfigurationReference = 133F156348C32E90817CAF77 /* Pods-LeapUITests.release.xcconfig */;
			buildSettings = {
				INFOPLIST_FILE = LeapUITests/Info.plist;
				LD_RUNPATH_SEARCH_PATHS = "$(inherited) @executable_path/Frameworks @loader_path/Frameworks";
				OTHER_LDFLAGS = (
					"$(inherited)",
					"-ObjC",
					"-framework",
					"\"Auth0\"",
					"-framework",
					"\"Lock\"",
					"-framework",
					"\"Realm\"",
					"-framework",
					"\"RealmSwift\"",
					"-framework",
					"\"SwiftyJSON\"",
				);
				PRODUCT_BUNDLE_IDENTIFIER = com.singleleap.LeapUITests;
				PRODUCT_NAME = "$(TARGET_NAME)";
				SWIFT_VERSION = 3.0;
				TEST_TARGET_NAME = Leap;
			};
			name = Release;
		};
/* End XCBuildConfiguration section */

/* Begin XCConfigurationList section */
		FBE0EFDB1DFBBB80007BD8DF /* Build configuration list for PBXProject "Leap" */ = {
			isa = XCConfigurationList;
			buildConfigurations = (
				FBE0F0091DFBBB80007BD8DF /* Debug */,
				837A93881E9BE7930015406D /* Internal */,
				FBE0F00A1DFBBB80007BD8DF /* Release */,
			);
			defaultConfigurationIsVisible = 0;
			defaultConfigurationName = Release;
		};
		FBE0F00B1DFBBB80007BD8DF /* Build configuration list for PBXNativeTarget "Leap" */ = {
			isa = XCConfigurationList;
			buildConfigurations = (
				FBE0F00C1DFBBB80007BD8DF /* Debug */,
				837A93891E9BE7930015406D /* Internal */,
				FBE0F00D1DFBBB80007BD8DF /* Release */,
			);
			defaultConfigurationIsVisible = 0;
			defaultConfigurationName = Release;
		};
		FBE0F00E1DFBBB80007BD8DF /* Build configuration list for PBXNativeTarget "LeapTests" */ = {
			isa = XCConfigurationList;
			buildConfigurations = (
				FBE0F00F1DFBBB80007BD8DF /* Debug */,
				837A938A1E9BE7930015406D /* Internal */,
				FBE0F0101DFBBB80007BD8DF /* Release */,
			);
			defaultConfigurationIsVisible = 0;
			defaultConfigurationName = Release;
		};
		FBE0F0111DFBBB80007BD8DF /* Build configuration list for PBXNativeTarget "LeapUITests" */ = {
			isa = XCConfigurationList;
			buildConfigurations = (
				FBE0F0121DFBBB80007BD8DF /* Debug */,
				837A938B1E9BE7930015406D /* Internal */,
				FBE0F0131DFBBB80007BD8DF /* Release */,
			);
			defaultConfigurationIsVisible = 0;
			defaultConfigurationName = Release;
		};
/* End XCConfigurationList section */

/* Begin XCVersionGroup section */
		FBE0EFEA1DFBBB80007BD8DF /* Leap.xcdatamodeld */ = {
			isa = XCVersionGroup;
			children = (
				FBE0EFEB1DFBBB80007BD8DF /* Leap.xcdatamodel */,
			);
			currentVersion = FBE0EFEB1DFBBB80007BD8DF /* Leap.xcdatamodel */;
			path = Leap.xcdatamodeld;
			sourceTree = "<group>";
			versionGroupType = wrapper.xcdatamodel;
		};
/* End XCVersionGroup section */
	};
	rootObject = FBE0EFD81DFBBB80007BD8DF /* Project object */;
}
