// !$*UTF8*$!
{
	archiveVersion = 1;
	classes = {
	};
	objectVersion = 46;
	objects = {

/* Begin PBXBuildFile section */
		08183A62F0EA5276BC968F30 /* Pods_Leap.framework in Frameworks */ = {isa = PBXBuildFile; fileRef = 60E8617E6FAACB8E29AA34F7 /* Pods_Leap.framework */; };
		42D2911C1C35BD18F961382F /* Pods_LeapTests.framework in Frameworks */ = {isa = PBXBuildFile; fileRef = 726DA31B7DBD3655C83BFA3D /* Pods_LeapTests.framework */; };
		831444BF1E7AF4E200A5EF06 /* AuthFlow.storyboard in Resources */ = {isa = PBXBuildFile; fileRef = 831444BE1E7AF4E200A5EF06 /* AuthFlow.storyboard */; };
		831444C11E7AF77700A5EF06 /* LocalCalendar.storyboard in Resources */ = {isa = PBXBuildFile; fileRef = 831444C01E7AF77700A5EF06 /* LocalCalendar.storyboard */; };
		831444C61E7B020700A5EF06 /* CalendarViewController.swift in Sources */ = {isa = PBXBuildFile; fileRef = 831444C51E7B020700A5EF06 /* CalendarViewController.swift */; };
		831444C81E7B034A00A5EF06 /* EventViewCell.xib in Resources */ = {isa = PBXBuildFile; fileRef = 831444C71E7B034A00A5EF06 /* EventViewCell.xib */; };
		831444CA1E7B072600A5EF06 /* EventViewCell.swift in Sources */ = {isa = PBXBuildFile; fileRef = 831444C91E7B072600A5EF06 /* EventViewCell.swift */; };
		831444CC1E7B099C00A5EF06 /* CalendarViewFlowLayout.swift in Sources */ = {isa = PBXBuildFile; fileRef = 831444CB1E7B099C00A5EF06 /* CalendarViewFlowLayout.swift */; };
		831444CF1E7B46A200A5EF06 /* EventViewModel.swift in Sources */ = {isa = PBXBuildFile; fileRef = 831444CE1E7B46A200A5EF06 /* EventViewModel.swift */; };
		831444D21E7B472500A5EF06 /* ViewModelUpdateable.swift in Sources */ = {isa = PBXBuildFile; fileRef = 831444D11E7B472500A5EF06 /* ViewModelUpdateable.swift */; };
		831444D41E7B49A200A5EF06 /* DayScheduleViewModel.swift in Sources */ = {isa = PBXBuildFile; fileRef = 831444D31E7B49A200A5EF06 /* DayScheduleViewModel.swift */; };
		8351BDC91E7C58FD001221AF /* OpenTimeViewModel.swift in Sources */ = {isa = PBXBuildFile; fileRef = 8351BDC81E7C58FD001221AF /* OpenTimeViewModel.swift */; };
		8351BDCD1E7C596C001221AF /* GregorianDay.swift in Sources */ = {isa = PBXBuildFile; fileRef = 8351BDCC1E7C596C001221AF /* GregorianDay.swift */; };
		83F4B1611E7C383F000FCB8D /* ScheduleEntryViewModel.swift in Sources */ = {isa = PBXBuildFile; fileRef = 83F4B1601E7C383F000FCB8D /* ScheduleEntryViewModel.swift */; };
		DB41B30C348D9390E4320905 /* Pods_LeapUITests.framework in Frameworks */ = {isa = PBXBuildFile; fileRef = 386ABDADBBC48EDACA0896BE /* Pods_LeapUITests.framework */; };
		FB0762DB1E142FBF0035EF8F /* ScheduleViewController.swift in Sources */ = {isa = PBXBuildFile; fileRef = FB0762DA1E142FBF0035EF8F /* ScheduleViewController.swift */; };
		FB4E11A51E79ABB400687702 /* LaunchScreen.storyboard in Resources */ = {isa = PBXBuildFile; fileRef = FB4E11A41E79ABB400687702 /* LaunchScreen.storyboard */; };
		FB4E11A71E79B1F500687702 /* Main.storyboard in Resources */ = {isa = PBXBuildFile; fileRef = FB4E11A61E79B1F500687702 /* Main.storyboard */; };
		FB934F201E7E01DF0068CDEF /* Representation.swift in Sources */ = {isa = PBXBuildFile; fileRef = FB934F1F1E7E01DF0068CDEF /* Representation.swift */; };
		FB934F241E7EDF670068CDEF /* RepresentationBacking.swift in Sources */ = {isa = PBXBuildFile; fileRef = FB934F231E7EDF670068CDEF /* RepresentationBacking.swift */; };
		FB934F261E7EDFA80068CDEF /* RepresentationLifecycle.swift in Sources */ = {isa = PBXBuildFile; fileRef = FB934F251E7EDFA80068CDEF /* RepresentationLifecycle.swift */; };
		FBD614541E7F3370001F4050 /* EventRepresentation.swift in Sources */ = {isa = PBXBuildFile; fileRef = FBD614531E7F3370001F4050 /* EventRepresentation.swift */; };
		FBD614561E7F38D4001F4050 /* RepresentationSchema.swift in Sources */ = {isa = PBXBuildFile; fileRef = FBD614551E7F38D4001F4050 /* RepresentationSchema.swift */; };
		FBD614581E7F57B0001F4050 /* RepresentationValidation.swift in Sources */ = {isa = PBXBuildFile; fileRef = FBD614571E7F57B0001F4050 /* RepresentationValidation.swift */; };
		FBE0EFE41DFBBB80007BD8DF /* AppDelegate.swift in Sources */ = {isa = PBXBuildFile; fileRef = FBE0EFE31DFBBB80007BD8DF /* AppDelegate.swift */; };
		FBE0EFE61DFBBB80007BD8DF /* AuthViewController.swift in Sources */ = {isa = PBXBuildFile; fileRef = FBE0EFE51DFBBB80007BD8DF /* AuthViewController.swift */; };
		FBE0EFEC1DFBBB80007BD8DF /* Leap.xcdatamodeld in Sources */ = {isa = PBXBuildFile; fileRef = FBE0EFEA1DFBBB80007BD8DF /* Leap.xcdatamodeld */; };
		FBE0EFEE1DFBBB80007BD8DF /* Assets.xcassets in Resources */ = {isa = PBXBuildFile; fileRef = FBE0EFED1DFBBB80007BD8DF /* Assets.xcassets */; };
		FBE0EFFC1DFBBB80007BD8DF /* LeapTests.swift in Sources */ = {isa = PBXBuildFile; fileRef = FBE0EFFB1DFBBB80007BD8DF /* LeapTests.swift */; };
		FBE0F0071DFBBB80007BD8DF /* LeapUITests.swift in Sources */ = {isa = PBXBuildFile; fileRef = FBE0F0061DFBBB80007BD8DF /* LeapUITests.swift */; };
		FBE4DEA31E6CB9F10062507B /* Auth0.plist in Resources */ = {isa = PBXBuildFile; fileRef = FBE4DEA21E6CB9F10062507B /* Auth0.plist */; };
		FBE4DEAA1E6CBD8A0062507B /* Res in Resources */ = {isa = PBXBuildFile; fileRef = FBE4DEA91E6CBD8A0062507B /* Res */; };
/* End PBXBuildFile section */

/* Begin PBXContainerItemProxy section */
		FBE0EFF81DFBBB80007BD8DF /* PBXContainerItemProxy */ = {
			isa = PBXContainerItemProxy;
			containerPortal = FBE0EFD81DFBBB80007BD8DF /* Project object */;
			proxyType = 1;
			remoteGlobalIDString = FBE0EFDF1DFBBB80007BD8DF;
			remoteInfo = Leap;
		};
		FBE0F0031DFBBB80007BD8DF /* PBXContainerItemProxy */ = {
			isa = PBXContainerItemProxy;
			containerPortal = FBE0EFD81DFBBB80007BD8DF /* Project object */;
			proxyType = 1;
			remoteGlobalIDString = FBE0EFDF1DFBBB80007BD8DF;
			remoteInfo = Leap;
		};
/* End PBXContainerItemProxy section */

/* Begin PBXFileReference section */
		133F156348C32E90817CAF77 /* Pods-LeapUITests.release.xcconfig */ = {isa = PBXFileReference; includeInIndex = 1; lastKnownFileType = text.xcconfig; name = "Pods-LeapUITests.release.xcconfig"; path = "Pods/Target Support Files/Pods-LeapUITests/Pods-LeapUITests.release.xcconfig"; sourceTree = "<group>"; };
		254C125F10676E959A998B76 /* Pods-LeapTests.debug.xcconfig */ = {isa = PBXFileReference; includeInIndex = 1; lastKnownFileType = text.xcconfig; name = "Pods-LeapTests.debug.xcconfig"; path = "Pods/Target Support Files/Pods-LeapTests/Pods-LeapTests.debug.xcconfig"; sourceTree = "<group>"; };
		2A6B5D6A4DA6E20A7F42B13F /* Pods-Leap.release.xcconfig */ = {isa = PBXFileReference; includeInIndex = 1; lastKnownFileType = text.xcconfig; name = "Pods-Leap.release.xcconfig"; path = "Pods/Target Support Files/Pods-Leap/Pods-Leap.release.xcconfig"; sourceTree = "<group>"; };
		386ABDADBBC48EDACA0896BE /* Pods_LeapUITests.framework */ = {isa = PBXFileReference; explicitFileType = wrapper.framework; includeInIndex = 0; path = Pods_LeapUITests.framework; sourceTree = BUILT_PRODUCTS_DIR; };
		60E8617E6FAACB8E29AA34F7 /* Pods_Leap.framework */ = {isa = PBXFileReference; explicitFileType = wrapper.framework; includeInIndex = 0; path = Pods_Leap.framework; sourceTree = BUILT_PRODUCTS_DIR; };
		726DA31B7DBD3655C83BFA3D /* Pods_LeapTests.framework */ = {isa = PBXFileReference; explicitFileType = wrapper.framework; includeInIndex = 0; path = Pods_LeapTests.framework; sourceTree = BUILT_PRODUCTS_DIR; };
		831444BE1E7AF4E200A5EF06 /* AuthFlow.storyboard */ = {isa = PBXFileReference; fileEncoding = 4; lastKnownFileType = file.storyboard; path = AuthFlow.storyboard; sourceTree = "<group>"; };
		831444C01E7AF77700A5EF06 /* LocalCalendar.storyboard */ = {isa = PBXFileReference; fileEncoding = 4; lastKnownFileType = file.storyboard; path = LocalCalendar.storyboard; sourceTree = "<group>"; };
		831444C51E7B020700A5EF06 /* CalendarViewController.swift */ = {isa = PBXFileReference; fileEncoding = 4; lastKnownFileType = sourcecode.swift; path = CalendarViewController.swift; sourceTree = "<group>"; };
		831444C71E7B034A00A5EF06 /* EventViewCell.xib */ = {isa = PBXFileReference; fileEncoding = 4; lastKnownFileType = file.xib; path = EventViewCell.xib; sourceTree = "<group>"; };
		831444C91E7B072600A5EF06 /* EventViewCell.swift */ = {isa = PBXFileReference; fileEncoding = 4; lastKnownFileType = sourcecode.swift; path = EventViewCell.swift; sourceTree = "<group>"; };
		831444CB1E7B099C00A5EF06 /* CalendarViewFlowLayout.swift */ = {isa = PBXFileReference; fileEncoding = 4; lastKnownFileType = sourcecode.swift; path = CalendarViewFlowLayout.swift; sourceTree = "<group>"; };
		831444CE1E7B46A200A5EF06 /* EventViewModel.swift */ = {isa = PBXFileReference; fileEncoding = 4; lastKnownFileType = sourcecode.swift; path = EventViewModel.swift; sourceTree = "<group>"; };
		831444D11E7B472500A5EF06 /* ViewModelUpdateable.swift */ = {isa = PBXFileReference; fileEncoding = 4; lastKnownFileType = sourcecode.swift; path = ViewModelUpdateable.swift; sourceTree = "<group>"; };
		831444D31E7B49A200A5EF06 /* DayScheduleViewModel.swift */ = {isa = PBXFileReference; fileEncoding = 4; lastKnownFileType = sourcecode.swift; path = DayScheduleViewModel.swift; sourceTree = "<group>"; };
		8351BDC81E7C58FD001221AF /* OpenTimeViewModel.swift */ = {isa = PBXFileReference; fileEncoding = 4; lastKnownFileType = sourcecode.swift; path = OpenTimeViewModel.swift; sourceTree = "<group>"; };
		8351BDCC1E7C596C001221AF /* GregorianDay.swift */ = {isa = PBXFileReference; fileEncoding = 4; lastKnownFileType = sourcecode.swift; path = GregorianDay.swift; sourceTree = "<group>"; };
		83F4B1601E7C383F000FCB8D /* ScheduleEntryViewModel.swift */ = {isa = PBXFileReference; fileEncoding = 4; lastKnownFileType = sourcecode.swift; path = ScheduleEntryViewModel.swift; sourceTree = "<group>"; };
		8EED8FB993394DE5707CFED0 /* Pods-LeapUITests.debug.xcconfig */ = {isa = PBXFileReference; includeInIndex = 1; lastKnownFileType = text.xcconfig; name = "Pods-LeapUITests.debug.xcconfig"; path = "Pods/Target Support Files/Pods-LeapUITests/Pods-LeapUITests.debug.xcconfig"; sourceTree = "<group>"; };
		EFE6A6E5DCCA6A604F469F66 /* Pods-Leap.debug.xcconfig */ = {isa = PBXFileReference; includeInIndex = 1; lastKnownFileType = text.xcconfig; name = "Pods-Leap.debug.xcconfig"; path = "Pods/Target Support Files/Pods-Leap/Pods-Leap.debug.xcconfig"; sourceTree = "<group>"; };
		F7F894F8D14B57D7372FF854 /* Pods-LeapTests.release.xcconfig */ = {isa = PBXFileReference; includeInIndex = 1; lastKnownFileType = text.xcconfig; name = "Pods-LeapTests.release.xcconfig"; path = "Pods/Target Support Files/Pods-LeapTests/Pods-LeapTests.release.xcconfig"; sourceTree = "<group>"; };
		FB0762DA1E142FBF0035EF8F /* ScheduleViewController.swift */ = {isa = PBXFileReference; fileEncoding = 4; lastKnownFileType = sourcecode.swift; path = ScheduleViewController.swift; sourceTree = "<group>"; };
		FB0762DC1E1430A60035EF8F /* Leap.entitlements */ = {isa = PBXFileReference; lastKnownFileType = text.plist.entitlements; path = Leap.entitlements; sourceTree = "<group>"; };
		FB4E11A41E79ABB400687702 /* LaunchScreen.storyboard */ = {isa = PBXFileReference; fileEncoding = 4; lastKnownFileType = file.storyboard; path = LaunchScreen.storyboard; sourceTree = "<group>"; };
		FB4E11A61E79B1F500687702 /* Main.storyboard */ = {isa = PBXFileReference; fileEncoding = 4; lastKnownFileType = file.storyboard; path = Main.storyboard; sourceTree = "<group>"; };
		FB934F1F1E7E01DF0068CDEF /* Representation.swift */ = {isa = PBXFileReference; fileEncoding = 4; lastKnownFileType = sourcecode.swift; path = Representation.swift; sourceTree = "<group>"; };
		FB934F231E7EDF670068CDEF /* RepresentationBacking.swift */ = {isa = PBXFileReference; fileEncoding = 4; lastKnownFileType = sourcecode.swift; path = RepresentationBacking.swift; sourceTree = "<group>"; };
		FB934F251E7EDFA80068CDEF /* RepresentationLifecycle.swift */ = {isa = PBXFileReference; fileEncoding = 4; lastKnownFileType = sourcecode.swift; path = RepresentationLifecycle.swift; sourceTree = "<group>"; };
		FBD614531E7F3370001F4050 /* EventRepresentation.swift */ = {isa = PBXFileReference; fileEncoding = 4; lastKnownFileType = sourcecode.swift; path = EventRepresentation.swift; sourceTree = "<group>"; };
		FBD614551E7F38D4001F4050 /* RepresentationSchema.swift */ = {isa = PBXFileReference; fileEncoding = 4; lastKnownFileType = sourcecode.swift; path = RepresentationSchema.swift; sourceTree = "<group>"; };
		FBD614571E7F57B0001F4050 /* RepresentationValidation.swift */ = {isa = PBXFileReference; fileEncoding = 4; lastKnownFileType = sourcecode.swift; path = RepresentationValidation.swift; sourceTree = "<group>"; };
		FBE0EFE01DFBBB80007BD8DF /* Leap.app */ = {isa = PBXFileReference; explicitFileType = wrapper.application; includeInIndex = 0; path = Leap.app; sourceTree = BUILT_PRODUCTS_DIR; };
		FBE0EFE31DFBBB80007BD8DF /* AppDelegate.swift */ = {isa = PBXFileReference; lastKnownFileType = sourcecode.swift; path = AppDelegate.swift; sourceTree = "<group>"; };
		FBE0EFE51DFBBB80007BD8DF /* AuthViewController.swift */ = {isa = PBXFileReference; lastKnownFileType = sourcecode.swift; path = AuthViewController.swift; sourceTree = "<group>"; };
		FBE0EFEB1DFBBB80007BD8DF /* Leap.xcdatamodel */ = {isa = PBXFileReference; lastKnownFileType = wrapper.xcdatamodel; path = Leap.xcdatamodel; sourceTree = "<group>"; };
		FBE0EFED1DFBBB80007BD8DF /* Assets.xcassets */ = {isa = PBXFileReference; lastKnownFileType = folder.assetcatalog; path = Assets.xcassets; sourceTree = "<group>"; };
		FBE0EFF21DFBBB80007BD8DF /* Info.plist */ = {isa = PBXFileReference; lastKnownFileType = text.plist.xml; path = Info.plist; sourceTree = "<group>"; };
		FBE0EFF71DFBBB80007BD8DF /* LeapTests.xctest */ = {isa = PBXFileReference; explicitFileType = wrapper.cfbundle; includeInIndex = 0; path = LeapTests.xctest; sourceTree = BUILT_PRODUCTS_DIR; };
		FBE0EFFB1DFBBB80007BD8DF /* LeapTests.swift */ = {isa = PBXFileReference; lastKnownFileType = sourcecode.swift; path = LeapTests.swift; sourceTree = "<group>"; };
		FBE0EFFD1DFBBB80007BD8DF /* Info.plist */ = {isa = PBXFileReference; lastKnownFileType = text.plist.xml; path = Info.plist; sourceTree = "<group>"; };
		FBE0F0021DFBBB80007BD8DF /* LeapUITests.xctest */ = {isa = PBXFileReference; explicitFileType = wrapper.cfbundle; includeInIndex = 0; path = LeapUITests.xctest; sourceTree = BUILT_PRODUCTS_DIR; };
		FBE0F0061DFBBB80007BD8DF /* LeapUITests.swift */ = {isa = PBXFileReference; lastKnownFileType = sourcecode.swift; path = LeapUITests.swift; sourceTree = "<group>"; };
		FBE0F0081DFBBB80007BD8DF /* Info.plist */ = {isa = PBXFileReference; lastKnownFileType = text.plist.xml; path = Info.plist; sourceTree = "<group>"; };
		FBE0F0181DFDBF09007BD8DF /* Leap-Bridging-Header.h */ = {isa = PBXFileReference; fileEncoding = 4; lastKnownFileType = sourcecode.c.h; name = "Leap-Bridging-Header.h"; path = "/Users/kiril/Library/Mobile Documents/com~apple~CloudDocs/Code/Leap/Leap-Bridging-Header.h"; sourceTree = "<absolute>"; };
		FBE4DEA21E6CB9F10062507B /* Auth0.plist */ = {isa = PBXFileReference; fileEncoding = 4; lastKnownFileType = text.plist.xml; name = Auth0.plist; path = Leap/Auth0.plist; sourceTree = "<group>"; };
		FBE4DEA91E6CBD8A0062507B /* Res */ = {isa = PBXFileReference; lastKnownFileType = folder; path = Res; sourceTree = "<group>"; };
/* End PBXFileReference section */

/* Begin PBXFrameworksBuildPhase section */
		FBE0EFDD1DFBBB80007BD8DF /* Frameworks */ = {
			isa = PBXFrameworksBuildPhase;
			buildActionMask = 2147483647;
			files = (
				08183A62F0EA5276BC968F30 /* Pods_Leap.framework in Frameworks */,
			);
			runOnlyForDeploymentPostprocessing = 0;
		};
		FBE0EFF41DFBBB80007BD8DF /* Frameworks */ = {
			isa = PBXFrameworksBuildPhase;
			buildActionMask = 2147483647;
			files = (
				42D2911C1C35BD18F961382F /* Pods_LeapTests.framework in Frameworks */,
			);
			runOnlyForDeploymentPostprocessing = 0;
		};
		FBE0EFFF1DFBBB80007BD8DF /* Frameworks */ = {
			isa = PBXFrameworksBuildPhase;
			buildActionMask = 2147483647;
			files = (
				DB41B30C348D9390E4320905 /* Pods_LeapUITests.framework in Frameworks */,
			);
			runOnlyForDeploymentPostprocessing = 0;
		};
/* End PBXFrameworksBuildPhase section */

/* Begin PBXGroup section */
		1D0E1EBBB25D3250989BF4FF /* Pods */ = {
			isa = PBXGroup;
			children = (
				EFE6A6E5DCCA6A604F469F66 /* Pods-Leap.debug.xcconfig */,
				2A6B5D6A4DA6E20A7F42B13F /* Pods-Leap.release.xcconfig */,
				254C125F10676E959A998B76 /* Pods-LeapTests.debug.xcconfig */,
				F7F894F8D14B57D7372FF854 /* Pods-LeapTests.release.xcconfig */,
				8EED8FB993394DE5707CFED0 /* Pods-LeapUITests.debug.xcconfig */,
				133F156348C32E90817CAF77 /* Pods-LeapUITests.release.xcconfig */,
			);
			name = Pods;
			sourceTree = "<group>";
		};
		49516C8DC3E3620222E438B8 /* Frameworks */ = {
			isa = PBXGroup;
			children = (
				60E8617E6FAACB8E29AA34F7 /* Pods_Leap.framework */,
				726DA31B7DBD3655C83BFA3D /* Pods_LeapTests.framework */,
				386ABDADBBC48EDACA0896BE /* Pods_LeapUITests.framework */,
			);
			name = Frameworks;
			sourceTree = "<group>";
		};
		831444C21E7AF7AD00A5EF06 /* LocalCalendar */ = {
			isa = PBXGroup;
			children = (
				831444C01E7AF77700A5EF06 /* LocalCalendar.storyboard */,
				831444C71E7B034A00A5EF06 /* EventViewCell.xib */,
				831444C91E7B072600A5EF06 /* EventViewCell.swift */,
				831444C51E7B020700A5EF06 /* CalendarViewController.swift */,
				831444CB1E7B099C00A5EF06 /* CalendarViewFlowLayout.swift */,
			);
			name = LocalCalendar;
			sourceTree = "<group>";
		};
		831444CD1E7B462500A5EF06 /* ViewModels */ = {
			isa = PBXGroup;
			children = (
				831444CE1E7B46A200A5EF06 /* EventViewModel.swift */,
				831444D31E7B49A200A5EF06 /* DayScheduleViewModel.swift */,
				83F4B1601E7C383F000FCB8D /* ScheduleEntryViewModel.swift */,
				8351BDC81E7C58FD001221AF /* OpenTimeViewModel.swift */,
			);
			name = ViewModels;
			sourceTree = "<group>";
		};
		831444D01E7B46AB00A5EF06 /* Protocols */ = {
			isa = PBXGroup;
			children = (
				831444D11E7B472500A5EF06 /* ViewModelUpdateable.swift */,
			);
			name = Protocols;
			sourceTree = "<group>";
		};
		8351BDCA1E7C5932001221AF /* Models */ = {
			isa = PBXGroup;
			children = (
			);
			name = Models;
			sourceTree = "<group>";
		};
		8351BDCB1E7C593C001221AF /* Utilities */ = {
			isa = PBXGroup;
			children = (
				8351BDCC1E7C596C001221AF /* GregorianDay.swift */,
			);
			name = Utilities;
			sourceTree = "<group>";
		};
		8351BDCE1E7C5CCC001221AF /* Flows */ = {
			isa = PBXGroup;
			children = (
				8351BDCF1E7C5D45001221AF /* Auth */,
				831444C21E7AF7AD00A5EF06 /* LocalCalendar */,
			);
			name = Flows;
			sourceTree = "<group>";
		};
		8351BDCF1E7C5D45001221AF /* Auth */ = {
			isa = PBXGroup;
			children = (
				831444BE1E7AF4E200A5EF06 /* AuthFlow.storyboard */,
				FB0762DA1E142FBF0035EF8F /* ScheduleViewController.swift */,
				FBE0EFE51DFBBB80007BD8DF /* AuthViewController.swift */,
			);
			name = Auth;
			sourceTree = "<group>";
		};
		FB934F1E1E7E019B0068CDEF /* Representations */ = {
			isa = PBXGroup;
			children = (
				FB934F1F1E7E01DF0068CDEF /* Representation.swift */,
				FB934F231E7EDF670068CDEF /* RepresentationBacking.swift */,
				FB934F251E7EDFA80068CDEF /* RepresentationLifecycle.swift */,
				FBD614531E7F3370001F4050 /* EventRepresentation.swift */,
				FBD614551E7F38D4001F4050 /* RepresentationSchema.swift */,
				FBD614571E7F57B0001F4050 /* RepresentationValidation.swift */,
			);
			name = Representations;
			sourceTree = "<group>";
		};
		FBE0EFD71DFBBB80007BD8DF = {
			isa = PBXGroup;
			children = (
				FBE0F0181DFDBF09007BD8DF /* Leap-Bridging-Header.h */,
				FBE4DEA21E6CB9F10062507B /* Auth0.plist */,
				FBE0EFE21DFBBB80007BD8DF /* Leap */,
				FBE0EFFA1DFBBB80007BD8DF /* LeapTests */,
				FBE0F0051DFBBB80007BD8DF /* LeapUITests */,
				FBE0EFE11DFBBB80007BD8DF /* Products */,
				1D0E1EBBB25D3250989BF4FF /* Pods */,
				49516C8DC3E3620222E438B8 /* Frameworks */,
			);
			sourceTree = "<group>";
		};
		FBE0EFE11DFBBB80007BD8DF /* Products */ = {
			isa = PBXGroup;
			children = (
				FBE0EFE01DFBBB80007BD8DF /* Leap.app */,
				FBE0EFF71DFBBB80007BD8DF /* LeapTests.xctest */,
				FBE0F0021DFBBB80007BD8DF /* LeapUITests.xctest */,
			);
			name = Products;
			sourceTree = "<group>";
		};
		FBE0EFE21DFBBB80007BD8DF /* Leap */ = {
			isa = PBXGroup;
			children = (
				FB934F1E1E7E019B0068CDEF /* Representations */,
				FBE4DEA91E6CBD8A0062507B /* Res */,
				FB0762DC1E1430A60035EF8F /* Leap.entitlements */,
				FBE0EFE31DFBBB80007BD8DF /* AppDelegate.swift */,
				FB4E11A61E79B1F500687702 /* Main.storyboard */,
				8351BDCE1E7C5CCC001221AF /* Flows */,
				831444CD1E7B462500A5EF06 /* ViewModels */,
				831444D01E7B46AB00A5EF06 /* Protocols */,
				8351BDCA1E7C5932001221AF /* Models */,
				8351BDCB1E7C593C001221AF /* Utilities */,
				FB4E11A41E79ABB400687702 /* LaunchScreen.storyboard */,
				FBE0EFED1DFBBB80007BD8DF /* Assets.xcassets */,
				FBE0EFF21DFBBB80007BD8DF /* Info.plist */,
				FBE0EFEA1DFBBB80007BD8DF /* Leap.xcdatamodeld */,
			);
			path = Leap;
			sourceTree = "<group>";
		};
		FBE0EFFA1DFBBB80007BD8DF /* LeapTests */ = {
			isa = PBXGroup;
			children = (
				FBE0EFFB1DFBBB80007BD8DF /* LeapTests.swift */,
				FBE0EFFD1DFBBB80007BD8DF /* Info.plist */,
			);
			path = LeapTests;
			sourceTree = "<group>";
		};
		FBE0F0051DFBBB80007BD8DF /* LeapUITests */ = {
			isa = PBXGroup;
			children = (
				FBE0F0061DFBBB80007BD8DF /* LeapUITests.swift */,
				FBE0F0081DFBBB80007BD8DF /* Info.plist */,
			);
			path = LeapUITests;
			sourceTree = "<group>";
		};
/* End PBXGroup section */

/* Begin PBXNativeTarget section */
		FBE0EFDF1DFBBB80007BD8DF /* Leap */ = {
			isa = PBXNativeTarget;
			buildConfigurationList = FBE0F00B1DFBBB80007BD8DF /* Build configuration list for PBXNativeTarget "Leap" */;
			buildPhases = (
				BA0B8F2DB2E61DD7B7D6C618 /* [CP] Check Pods Manifest.lock */,
				FBE0EFDC1DFBBB80007BD8DF /* Sources */,
				FBE0EFDD1DFBBB80007BD8DF /* Frameworks */,
				FBE0EFDE1DFBBB80007BD8DF /* Resources */,
				904E71DE40C8BC6F4FF277C2 /* [CP] Embed Pods Frameworks */,
				C10AEB44ADEFFB6AB4313BB8 /* [CP] Copy Pods Resources */,
			);
			buildRules = (
			);
			dependencies = (
			);
			name = Leap;
			productName = Leap;
			productReference = FBE0EFE01DFBBB80007BD8DF /* Leap.app */;
			productType = "com.apple.product-type.application";
		};
		FBE0EFF61DFBBB80007BD8DF /* LeapTests */ = {
			isa = PBXNativeTarget;
			buildConfigurationList = FBE0F00E1DFBBB80007BD8DF /* Build configuration list for PBXNativeTarget "LeapTests" */;
			buildPhases = (
				EB839DE08C5508895F3C01FA /* [CP] Check Pods Manifest.lock */,
				FBE0EFF31DFBBB80007BD8DF /* Sources */,
				FBE0EFF41DFBBB80007BD8DF /* Frameworks */,
				FBE0EFF51DFBBB80007BD8DF /* Resources */,
				3F8D313C8DFFE4F364DB14D7 /* [CP] Embed Pods Frameworks */,
				A252DB59734ADA3F9B2DD542 /* [CP] Copy Pods Resources */,
			);
			buildRules = (
			);
			dependencies = (
				FBE0EFF91DFBBB80007BD8DF /* PBXTargetDependency */,
			);
			name = LeapTests;
			productName = LeapTests;
			productReference = FBE0EFF71DFBBB80007BD8DF /* LeapTests.xctest */;
			productType = "com.apple.product-type.bundle.unit-test";
		};
		FBE0F0011DFBBB80007BD8DF /* LeapUITests */ = {
			isa = PBXNativeTarget;
			buildConfigurationList = FBE0F0111DFBBB80007BD8DF /* Build configuration list for PBXNativeTarget "LeapUITests" */;
			buildPhases = (
				7CC47F0A1A00B909DF4AAC97 /* [CP] Check Pods Manifest.lock */,
				FBE0EFFE1DFBBB80007BD8DF /* Sources */,
				FBE0EFFF1DFBBB80007BD8DF /* Frameworks */,
				FBE0F0001DFBBB80007BD8DF /* Resources */,
				4CEE1BF7E463B40170CB1F4F /* [CP] Embed Pods Frameworks */,
				A18D69224C73EA4B4F1C487B /* [CP] Copy Pods Resources */,
			);
			buildRules = (
			);
			dependencies = (
				FBE0F0041DFBBB80007BD8DF /* PBXTargetDependency */,
			);
			name = LeapUITests;
			productName = LeapUITests;
			productReference = FBE0F0021DFBBB80007BD8DF /* LeapUITests.xctest */;
			productType = "com.apple.product-type.bundle.ui-testing";
		};
/* End PBXNativeTarget section */

/* Begin PBXProject section */
		FBE0EFD81DFBBB80007BD8DF /* Project object */ = {
			isa = PBXProject;
			attributes = {
				LastSwiftUpdateCheck = 0810;
				LastUpgradeCheck = 0820;
				ORGANIZATIONNAME = "Single Leap, Inc";
				TargetAttributes = {
					FBE0EFDF1DFBBB80007BD8DF = {
						CreatedOnToolsVersion = 8.1;
						DevelopmentTeam = HNRVQL94Y9;
						ProvisioningStyle = Automatic;
						SystemCapabilities = {
							com.apple.Push = {
								enabled = 1;
							};
						};
					};
					FBE0EFF61DFBBB80007BD8DF = {
						CreatedOnToolsVersion = 8.1;
						DevelopmentTeam = HNRVQL94Y9;
						ProvisioningStyle = Automatic;
						TestTargetID = FBE0EFDF1DFBBB80007BD8DF;
					};
					FBE0F0011DFBBB80007BD8DF = {
						CreatedOnToolsVersion = 8.1;
						DevelopmentTeam = HNRVQL94Y9;
						ProvisioningStyle = Automatic;
						TestTargetID = FBE0EFDF1DFBBB80007BD8DF;
					};
				};
			};
			buildConfigurationList = FBE0EFDB1DFBBB80007BD8DF /* Build configuration list for PBXProject "Leap" */;
			compatibilityVersion = "Xcode 3.2";
			developmentRegion = English;
			hasScannedForEncodings = 0;
			knownRegions = (
				en,
				Base,
			);
			mainGroup = FBE0EFD71DFBBB80007BD8DF;
			productRefGroup = FBE0EFE11DFBBB80007BD8DF /* Products */;
			projectDirPath = "";
			projectRoot = "";
			targets = (
				FBE0EFDF1DFBBB80007BD8DF /* Leap */,
				FBE0EFF61DFBBB80007BD8DF /* LeapTests */,
				FBE0F0011DFBBB80007BD8DF /* LeapUITests */,
			);
		};
/* End PBXProject section */

/* Begin PBXResourcesBuildPhase section */
		FBE0EFDE1DFBBB80007BD8DF /* Resources */ = {
			isa = PBXResourcesBuildPhase;
			buildActionMask = 2147483647;
			files = (
				FBE4DEA31E6CB9F10062507B /* Auth0.plist in Resources */,
				831444C11E7AF77700A5EF06 /* LocalCalendar.storyboard in Resources */,
				FB4E11A71E79B1F500687702 /* Main.storyboard in Resources */,
				FBE4DEAA1E6CBD8A0062507B /* Res in Resources */,
				FBE0EFEE1DFBBB80007BD8DF /* Assets.xcassets in Resources */,
				831444BF1E7AF4E200A5EF06 /* AuthFlow.storyboard in Resources */,
				FB4E11A51E79ABB400687702 /* LaunchScreen.storyboard in Resources */,
				831444C81E7B034A00A5EF06 /* EventViewCell.xib in Resources */,
			);
			runOnlyForDeploymentPostprocessing = 0;
		};
		FBE0EFF51DFBBB80007BD8DF /* Resources */ = {
			isa = PBXResourcesBuildPhase;
			buildActionMask = 2147483647;
			files = (
			);
			runOnlyForDeploymentPostprocessing = 0;
		};
		FBE0F0001DFBBB80007BD8DF /* Resources */ = {
			isa = PBXResourcesBuildPhase;
			buildActionMask = 2147483647;
			files = (
			);
			runOnlyForDeploymentPostprocessing = 0;
		};
/* End PBXResourcesBuildPhase section */

/* Begin PBXShellScriptBuildPhase section */
		3F8D313C8DFFE4F364DB14D7 /* [CP] Embed Pods Frameworks */ = {
			isa = PBXShellScriptBuildPhase;
			buildActionMask = 2147483647;
			files = (
			);
			inputPaths = (
			);
			name = "[CP] Embed Pods Frameworks";
			outputPaths = (
			);
			runOnlyForDeploymentPostprocessing = 0;
			shellPath = /bin/sh;
			shellScript = "\"${SRCROOT}/Pods/Target Support Files/Pods-LeapTests/Pods-LeapTests-frameworks.sh\"\n";
			showEnvVarsInLog = 0;
		};
		4CEE1BF7E463B40170CB1F4F /* [CP] Embed Pods Frameworks */ = {
			isa = PBXShellScriptBuildPhase;
			buildActionMask = 2147483647;
			files = (
			);
			inputPaths = (
			);
			name = "[CP] Embed Pods Frameworks";
			outputPaths = (
			);
			runOnlyForDeploymentPostprocessing = 0;
			shellPath = /bin/sh;
			shellScript = "\"${SRCROOT}/Pods/Target Support Files/Pods-LeapUITests/Pods-LeapUITests-frameworks.sh\"\n";
			showEnvVarsInLog = 0;
		};
		7CC47F0A1A00B909DF4AAC97 /* [CP] Check Pods Manifest.lock */ = {
			isa = PBXShellScriptBuildPhase;
			buildActionMask = 2147483647;
			files = (
			);
			inputPaths = (
			);
			name = "[CP] Check Pods Manifest.lock";
			outputPaths = (
			);
			runOnlyForDeploymentPostprocessing = 0;
			shellPath = /bin/sh;
			shellScript = "diff \"${PODS_ROOT}/../Podfile.lock\" \"${PODS_ROOT}/Manifest.lock\" > /dev/null\nif [ $? != 0 ] ; then\n    # print error to STDERR\n    echo \"error: The sandbox is not in sync with the Podfile.lock. Run 'pod install' or update your CocoaPods installation.\" >&2\n    exit 1\nfi\n";
			showEnvVarsInLog = 0;
		};
		904E71DE40C8BC6F4FF277C2 /* [CP] Embed Pods Frameworks */ = {
			isa = PBXShellScriptBuildPhase;
			buildActionMask = 2147483647;
			files = (
			);
			inputPaths = (
			);
			name = "[CP] Embed Pods Frameworks";
			outputPaths = (
			);
			runOnlyForDeploymentPostprocessing = 0;
			shellPath = /bin/sh;
			shellScript = "\"${SRCROOT}/Pods/Target Support Files/Pods-Leap/Pods-Leap-frameworks.sh\"\n";
			showEnvVarsInLog = 0;
		};
		A18D69224C73EA4B4F1C487B /* [CP] Copy Pods Resources */ = {
			isa = PBXShellScriptBuildPhase;
			buildActionMask = 2147483647;
			files = (
			);
			inputPaths = (
			);
			name = "[CP] Copy Pods Resources";
			outputPaths = (
			);
			runOnlyForDeploymentPostprocessing = 0;
			shellPath = /bin/sh;
			shellScript = "\"${SRCROOT}/Pods/Target Support Files/Pods-LeapUITests/Pods-LeapUITests-resources.sh\"\n";
			showEnvVarsInLog = 0;
		};
		A252DB59734ADA3F9B2DD542 /* [CP] Copy Pods Resources */ = {
			isa = PBXShellScriptBuildPhase;
			buildActionMask = 2147483647;
			files = (
			);
			inputPaths = (
			);
			name = "[CP] Copy Pods Resources";
			outputPaths = (
			);
			runOnlyForDeploymentPostprocessing = 0;
			shellPath = /bin/sh;
			shellScript = "\"${SRCROOT}/Pods/Target Support Files/Pods-LeapTests/Pods-LeapTests-resources.sh\"\n";
			showEnvVarsInLog = 0;
		};
		BA0B8F2DB2E61DD7B7D6C618 /* [CP] Check Pods Manifest.lock */ = {
			isa = PBXShellScriptBuildPhase;
			buildActionMask = 2147483647;
			files = (
			);
			inputPaths = (
			);
			name = "[CP] Check Pods Manifest.lock";
			outputPaths = (
			);
			runOnlyForDeploymentPostprocessing = 0;
			shellPath = /bin/sh;
			shellScript = "diff \"${PODS_ROOT}/../Podfile.lock\" \"${PODS_ROOT}/Manifest.lock\" > /dev/null\nif [ $? != 0 ] ; then\n    # print error to STDERR\n    echo \"error: The sandbox is not in sync with the Podfile.lock. Run 'pod install' or update your CocoaPods installation.\" >&2\n    exit 1\nfi\n";
			showEnvVarsInLog = 0;
		};
		C10AEB44ADEFFB6AB4313BB8 /* [CP] Copy Pods Resources */ = {
			isa = PBXShellScriptBuildPhase;
			buildActionMask = 2147483647;
			files = (
			);
			inputPaths = (
			);
			name = "[CP] Copy Pods Resources";
			outputPaths = (
			);
			runOnlyForDeploymentPostprocessing = 0;
			shellPath = /bin/sh;
			shellScript = "\"${SRCROOT}/Pods/Target Support Files/Pods-Leap/Pods-Leap-resources.sh\"\n";
			showEnvVarsInLog = 0;
		};
		EB839DE08C5508895F3C01FA /* [CP] Check Pods Manifest.lock */ = {
			isa = PBXShellScriptBuildPhase;
			buildActionMask = 2147483647;
			files = (
			);
			inputPaths = (
			);
			name = "[CP] Check Pods Manifest.lock";
			outputPaths = (
			);
			runOnlyForDeploymentPostprocessing = 0;
			shellPath = /bin/sh;
			shellScript = "diff \"${PODS_ROOT}/../Podfile.lock\" \"${PODS_ROOT}/Manifest.lock\" > /dev/null\nif [ $? != 0 ] ; then\n    # print error to STDERR\n    echo \"error: The sandbox is not in sync with the Podfile.lock. Run 'pod install' or update your CocoaPods installation.\" >&2\n    exit 1\nfi\n";
			showEnvVarsInLog = 0;
		};
/* End PBXShellScriptBuildPhase section */

/* Begin PBXSourcesBuildPhase section */
		FBE0EFDC1DFBBB80007BD8DF /* Sources */ = {
			isa = PBXSourcesBuildPhase;
			buildActionMask = 2147483647;
			files = (
				FB934F241E7EDF670068CDEF /* RepresentationBacking.swift in Sources */,
				FBE0EFEC1DFBBB80007BD8DF /* Leap.xcdatamodeld in Sources */,
				FBE0EFE61DFBBB80007BD8DF /* AuthViewController.swift in Sources */,
				FBD614541E7F3370001F4050 /* EventRepresentation.swift in Sources */,
				FB934F261E7EDFA80068CDEF /* RepresentationLifecycle.swift in Sources */,
				FB934F201E7E01DF0068CDEF /* Representation.swift in Sources */,
				831444CC1E7B099C00A5EF06 /* CalendarViewFlowLayout.swift in Sources */,
				831444D41E7B49A200A5EF06 /* DayScheduleViewModel.swift in Sources */,
				831444C61E7B020700A5EF06 /* CalendarViewController.swift in Sources */,
				FBD614581E7F57B0001F4050 /* RepresentationValidation.swift in Sources */,
				831444CA1E7B072600A5EF06 /* EventViewCell.swift in Sources */,
				831444D21E7B472500A5EF06 /* ViewModelUpdateable.swift in Sources */,
				83F4B1611E7C383F000FCB8D /* ScheduleEntryViewModel.swift in Sources */,
				831444CF1E7B46A200A5EF06 /* EventViewModel.swift in Sources */,
				FBD614561E7F38D4001F4050 /* RepresentationSchema.swift in Sources */,
				FBE0EFE41DFBBB80007BD8DF /* AppDelegate.swift in Sources */,
				8351BDCD1E7C596C001221AF /* GregorianDay.swift in Sources */,
				8351BDC91E7C58FD001221AF /* OpenTimeViewModel.swift in Sources */,
				FB0762DB1E142FBF0035EF8F /* ScheduleViewController.swift in Sources */,
			);
			runOnlyForDeploymentPostprocessing = 0;
		};
		FBE0EFF31DFBBB80007BD8DF /* Sources */ = {
			isa = PBXSourcesBuildPhase;
			buildActionMask = 2147483647;
			files = (
				FBE0EFFC1DFBBB80007BD8DF /* LeapTests.swift in Sources */,
			);
			runOnlyForDeploymentPostprocessing = 0;
		};
		FBE0EFFE1DFBBB80007BD8DF /* Sources */ = {
			isa = PBXSourcesBuildPhase;
			buildActionMask = 2147483647;
			files = (
				FBE0F0071DFBBB80007BD8DF /* LeapUITests.swift in Sources */,
			);
			runOnlyForDeploymentPostprocessing = 0;
		};
/* End PBXSourcesBuildPhase section */

/* Begin PBXTargetDependency section */
		FBE0EFF91DFBBB80007BD8DF /* PBXTargetDependency */ = {
			isa = PBXTargetDependency;
			target = FBE0EFDF1DFBBB80007BD8DF /* Leap */;
			targetProxy = FBE0EFF81DFBBB80007BD8DF /* PBXContainerItemProxy */;
		};
		FBE0F0041DFBBB80007BD8DF /* PBXTargetDependency */ = {
			isa = PBXTargetDependency;
			target = FBE0EFDF1DFBBB80007BD8DF /* Leap */;
			targetProxy = FBE0F0031DFBBB80007BD8DF /* PBXContainerItemProxy */;
		};
/* End PBXTargetDependency section */

/* Begin XCBuildConfiguration section */
		FBE0F0091DFBBB80007BD8DF /* Debug */ = {
			isa = XCBuildConfiguration;
			buildSettings = {
				ALWAYS_SEARCH_USER_PATHS = NO;
				CLANG_ANALYZER_NONNULL = YES;
				CLANG_CXX_LANGUAGE_STANDARD = "gnu++0x";
				CLANG_CXX_LIBRARY = "libc++";
				CLANG_ENABLE_MODULES = YES;
				CLANG_ENABLE_OBJC_ARC = YES;
				CLANG_WARN_BOOL_CONVERSION = YES;
				CLANG_WARN_CONSTANT_CONVERSION = YES;
				CLANG_WARN_DIRECT_OBJC_ISA_USAGE = YES_ERROR;
				CLANG_WARN_DOCUMENTATION_COMMENTS = YES;
				CLANG_WARN_EMPTY_BODY = YES;
				CLANG_WARN_ENUM_CONVERSION = YES;
				CLANG_WARN_INFINITE_RECURSION = YES;
				CLANG_WARN_INT_CONVERSION = YES;
				CLANG_WARN_OBJC_ROOT_CLASS = YES_ERROR;
				CLANG_WARN_SUSPICIOUS_MOVE = YES;
				CLANG_WARN_SUSPICIOUS_MOVES = YES;
				CLANG_WARN_UNREACHABLE_CODE = YES;
				CLANG_WARN__DUPLICATE_METHOD_MATCH = YES;
				CODE_SIGN_IDENTITY = "iPhone Developer";
				"CODE_SIGN_IDENTITY[sdk=iphoneos*]" = "iPhone Developer";
				COPY_PHASE_STRIP = NO;
				DEBUG_INFORMATION_FORMAT = dwarf;
				DEVELOPMENT_TEAM = HNRVQL94Y9;
				ENABLE_STRICT_OBJC_MSGSEND = YES;
				ENABLE_TESTABILITY = YES;
				FRAMEWORK_SEARCH_PATHS = "$(inherited)";
				GCC_C_LANGUAGE_STANDARD = gnu99;
				GCC_DYNAMIC_NO_PIC = NO;
				GCC_NO_COMMON_BLOCKS = YES;
				GCC_OPTIMIZATION_LEVEL = 0;
				GCC_PREPROCESSOR_DEFINITIONS = (
					"DEBUG=1",
					"$(inherited)",
				);
				GCC_WARN_64_TO_32_BIT_CONVERSION = YES;
				GCC_WARN_ABOUT_RETURN_TYPE = YES_ERROR;
				GCC_WARN_UNDECLARED_SELECTOR = YES;
				GCC_WARN_UNINITIALIZED_AUTOS = YES_AGGRESSIVE;
				GCC_WARN_UNUSED_FUNCTION = YES;
				GCC_WARN_UNUSED_VARIABLE = YES;
				HEADER_SEARCH_PATHS = "$(inherited)";
				IPHONEOS_DEPLOYMENT_TARGET = 10.1;
				MTL_ENABLE_DEBUG_INFO = YES;
				ONLY_ACTIVE_ARCH = YES;
				SDKROOT = iphoneos;
				SWIFT_ACTIVE_COMPILATION_CONDITIONS = DEBUG;
				SWIFT_OPTIMIZATION_LEVEL = "-Onone";
				TARGETED_DEVICE_FAMILY = "1,2";
				USER_HEADER_SEARCH_PATHS = "$(inherited)";
			};
			name = Debug;
		};
		FBE0F00A1DFBBB80007BD8DF /* Release */ = {
			isa = XCBuildConfiguration;
			buildSettings = {
				ALWAYS_SEARCH_USER_PATHS = NO;
				CLANG_ANALYZER_NONNULL = YES;
				CLANG_CXX_LANGUAGE_STANDARD = "gnu++0x";
				CLANG_CXX_LIBRARY = "libc++";
				CLANG_ENABLE_MODULES = YES;
				CLANG_ENABLE_OBJC_ARC = YES;
				CLANG_WARN_BOOL_CONVERSION = YES;
				CLANG_WARN_CONSTANT_CONVERSION = YES;
				CLANG_WARN_DIRECT_OBJC_ISA_USAGE = YES_ERROR;
				CLANG_WARN_DOCUMENTATION_COMMENTS = YES;
				CLANG_WARN_EMPTY_BODY = YES;
				CLANG_WARN_ENUM_CONVERSION = YES;
				CLANG_WARN_INFINITE_RECURSION = YES;
				CLANG_WARN_INT_CONVERSION = YES;
				CLANG_WARN_OBJC_ROOT_CLASS = YES_ERROR;
				CLANG_WARN_SUSPICIOUS_MOVE = YES;
				CLANG_WARN_SUSPICIOUS_MOVES = YES;
				CLANG_WARN_UNREACHABLE_CODE = YES;
				CLANG_WARN__DUPLICATE_METHOD_MATCH = YES;
				CODE_SIGN_IDENTITY = "iPhone Distribution";
				"CODE_SIGN_IDENTITY[sdk=iphoneos*]" = "iPhone Distribution";
				COPY_PHASE_STRIP = NO;
				DEBUG_INFORMATION_FORMAT = "dwarf-with-dsym";
				DEVELOPMENT_TEAM = HNRVQL94Y9;
				ENABLE_NS_ASSERTIONS = NO;
				ENABLE_STRICT_OBJC_MSGSEND = YES;
				FRAMEWORK_SEARCH_PATHS = "$(inherited)";
				GCC_C_LANGUAGE_STANDARD = gnu99;
				GCC_NO_COMMON_BLOCKS = YES;
				GCC_WARN_64_TO_32_BIT_CONVERSION = YES;
				GCC_WARN_ABOUT_RETURN_TYPE = YES_ERROR;
				GCC_WARN_UNDECLARED_SELECTOR = YES;
				GCC_WARN_UNINITIALIZED_AUTOS = YES_AGGRESSIVE;
				GCC_WARN_UNUSED_FUNCTION = YES;
				GCC_WARN_UNUSED_VARIABLE = YES;
				HEADER_SEARCH_PATHS = "$(inherited)";
				IPHONEOS_DEPLOYMENT_TARGET = 10.1;
				MTL_ENABLE_DEBUG_INFO = NO;
				SDKROOT = iphoneos;
				SWIFT_OPTIMIZATION_LEVEL = "-Owholemodule";
				TARGETED_DEVICE_FAMILY = "1,2";
				USER_HEADER_SEARCH_PATHS = "$(inherited)";
				VALIDATE_PRODUCT = YES;
			};
			name = Release;
		};
		FBE0F00C1DFBBB80007BD8DF /* Debug */ = {
			isa = XCBuildConfiguration;
			baseConfigurationReference = EFE6A6E5DCCA6A604F469F66 /* Pods-Leap.debug.xcconfig */;
			buildSettings = {
				ALWAYS_EMBED_SWIFT_STANDARD_LIBRARIES = YES;
				ASSETCATALOG_COMPILER_APPICON_NAME = AppIcon;
				CODE_SIGN_ENTITLEMENTS = Leap/Leap.entitlements;
				DEVELOPMENT_TEAM = HNRVQL94Y9;
				INFOPLIST_FILE = Leap/Info.plist;
				LD_RUNPATH_SEARCH_PATHS = "$(inherited) @executable_path/Frameworks";
				PRODUCT_BUNDLE_IDENTIFIER = com.singleleap.Leap;
				PRODUCT_NAME = "$(TARGET_NAME)";
				SWIFT_OBJC_BRIDGING_HEADER = "Leap-Bridging-Header.h";
				SWIFT_VERSION = 3.0;
			};
			name = Debug;
		};
		FBE0F00D1DFBBB80007BD8DF /* Release */ = {
			isa = XCBuildConfiguration;
			baseConfigurationReference = 2A6B5D6A4DA6E20A7F42B13F /* Pods-Leap.release.xcconfig */;
			buildSettings = {
				ALWAYS_EMBED_SWIFT_STANDARD_LIBRARIES = YES;
				ASSETCATALOG_COMPILER_APPICON_NAME = AppIcon;
				CODE_SIGN_ENTITLEMENTS = Leap/Leap.entitlements;
				DEVELOPMENT_TEAM = HNRVQL94Y9;
				INFOPLIST_FILE = Leap/Info.plist;
				LD_RUNPATH_SEARCH_PATHS = "$(inherited) @executable_path/Frameworks";
				PRODUCT_BUNDLE_IDENTIFIER = com.singleleap.Leap;
				PRODUCT_NAME = "$(TARGET_NAME)";
				SWIFT_OBJC_BRIDGING_HEADER = "Leap-Bridging-Header.h";
				SWIFT_VERSION = 3.0;
			};
			name = Release;
		};
		FBE0F00F1DFBBB80007BD8DF /* Debug */ = {
			isa = XCBuildConfiguration;
			baseConfigurationReference = 254C125F10676E959A998B76 /* Pods-LeapTests.debug.xcconfig */;
			buildSettings = {
				BUNDLE_LOADER = "$(TEST_HOST)";
				INFOPLIST_FILE = LeapTests/Info.plist;
				LD_RUNPATH_SEARCH_PATHS = "$(inherited) @executable_path/Frameworks @loader_path/Frameworks";
				PRODUCT_BUNDLE_IDENTIFIER = com.singleleap.LeapTests;
				PRODUCT_NAME = "$(TARGET_NAME)";
				SWIFT_VERSION = 3.0;
				TEST_HOST = "$(BUILT_PRODUCTS_DIR)/Leap.app/Leap";
			};
			name = Debug;
		};
		FBE0F0101DFBBB80007BD8DF /* Release */ = {
			isa = XCBuildConfiguration;
			baseConfigurationReference = F7F894F8D14B57D7372FF854 /* Pods-LeapTests.release.xcconfig */;
			buildSettings = {
				BUNDLE_LOADER = "$(TEST_HOST)";
				INFOPLIST_FILE = LeapTests/Info.plist;
				LD_RUNPATH_SEARCH_PATHS = "$(inherited) @executable_path/Frameworks @loader_path/Frameworks";
				PRODUCT_BUNDLE_IDENTIFIER = com.singleleap.LeapTests;
				PRODUCT_NAME = "$(TARGET_NAME)";
				SWIFT_VERSION = 3.0;
				TEST_HOST = "$(BUILT_PRODUCTS_DIR)/Leap.app/Leap";
			};
			name = Release;
		};
		FBE0F0121DFBBB80007BD8DF /* Debug */ = {
			isa = XCBuildConfiguration;
			baseConfigurationReference = 8EED8FB993394DE5707CFED0 /* Pods-LeapUITests.debug.xcconfig */;
			buildSettings = {
				INFOPLIST_FILE = LeapUITests/Info.plist;
				LD_RUNPATH_SEARCH_PATHS = "$(inherited) @executable_path/Frameworks @loader_path/Frameworks";
				PRODUCT_BUNDLE_IDENTIFIER = com.singleleap.LeapUITests;
				PRODUCT_NAME = "$(TARGET_NAME)";
				SWIFT_VERSION = 3.0;
				TEST_TARGET_NAME = Leap;
			};
			name = Debug;
		};
		FBE0F0131DFBBB80007BD8DF /* Release */ = {
			isa = XCBuildConfiguration;
			baseConfigurationReference = 133F156348C32E90817CAF77 /* Pods-LeapUITests.release.xcconfig */;
			buildSettings = {
				INFOPLIST_FILE = LeapUITests/Info.plist;
				LD_RUNPATH_SEARCH_PATHS = "$(inherited) @executable_path/Frameworks @loader_path/Frameworks";
				PRODUCT_BUNDLE_IDENTIFIER = com.singleleap.LeapUITests;
				PRODUCT_NAME = "$(TARGET_NAME)";
				SWIFT_VERSION = 3.0;
				TEST_TARGET_NAME = Leap;
			};
			name = Release;
		};
/* End XCBuildConfiguration section */

/* Begin XCConfigurationList section */
		FBE0EFDB1DFBBB80007BD8DF /* Build configuration list for PBXProject "Leap" */ = {
			isa = XCConfigurationList;
			buildConfigurations = (
				FBE0F0091DFBBB80007BD8DF /* Debug */,
				FBE0F00A1DFBBB80007BD8DF /* Release */,
			);
			defaultConfigurationIsVisible = 0;
			defaultConfigurationName = Release;
		};
		FBE0F00B1DFBBB80007BD8DF /* Build configuration list for PBXNativeTarget "Leap" */ = {
			isa = XCConfigurationList;
			buildConfigurations = (
				FBE0F00C1DFBBB80007BD8DF /* Debug */,
				FBE0F00D1DFBBB80007BD8DF /* Release */,
			);
			defaultConfigurationIsVisible = 0;
			defaultConfigurationName = Release;
		};
		FBE0F00E1DFBBB80007BD8DF /* Build configuration list for PBXNativeTarget "LeapTests" */ = {
			isa = XCConfigurationList;
			buildConfigurations = (
				FBE0F00F1DFBBB80007BD8DF /* Debug */,
				FBE0F0101DFBBB80007BD8DF /* Release */,
			);
			defaultConfigurationIsVisible = 0;
			defaultConfigurationName = Release;
		};
		FBE0F0111DFBBB80007BD8DF /* Build configuration list for PBXNativeTarget "LeapUITests" */ = {
			isa = XCConfigurationList;
			buildConfigurations = (
				FBE0F0121DFBBB80007BD8DF /* Debug */,
				FBE0F0131DFBBB80007BD8DF /* Release */,
			);
			defaultConfigurationIsVisible = 0;
			defaultConfigurationName = Release;
		};
/* End XCConfigurationList section */

/* Begin XCVersionGroup section */
		FBE0EFEA1DFBBB80007BD8DF /* Leap.xcdatamodeld */ = {
			isa = XCVersionGroup;
			children = (
				FBE0EFEB1DFBBB80007BD8DF /* Leap.xcdatamodel */,
			);
			currentVersion = FBE0EFEB1DFBBB80007BD8DF /* Leap.xcdatamodel */;
			path = Leap.xcdatamodeld;
			sourceTree = "<group>";
			versionGroupType = wrapper.xcdatamodel;
		};
/* End XCVersionGroup section */
	};
	rootObject = FBE0EFD81DFBBB80007BD8DF /* Project object */;
}
